lockfileVersion: '9.0'

settings:
  autoInstallPeers: true
  excludeLinksFromLockfile: false

importers:

  .:
    devDependencies:
      '@nihalgonsalves/esconfig':
        specifier: ^0.18.2
        version: 0.18.2(oxlint-tsgolint@7.0.2003)(oxlint@1.86.0(oxlint-tsgolint@7.0.2003))(typescript@7.0.2)
      '@types/node':
        specifier: ^22
        version: 22.20.4
      knip:
        specifier: ^6.38.0
        version: 6.38.0
      lefthook:
        specifier: ^2.1.14
        version: 2.1.14
      oxfmt:
        specifier: ^0.71.0
        version: 0.71.0
      oxlint:
        specifier: ^1.86.0
        version: 1.86.0(oxlint-tsgolint@7.0.2003)
      oxlint-tsgolint:
        specifier: ^7.0.2003
        version: 7.0.2003
      typescript:
        specifier: ^7.0.2
        version: 7.0.2
      zod:
        specifier: ^4.6.5
        version: 4.6.5

packages:

  '@emnapi/core@1.11.2':
    resolution: {integrity: sha512-TC8MkTuZUtcTSiFeuC0ksCh9QIJ5+F21MvZ4Wn4ORfYaFJ/0dsiudv5tVkejgwZlwQ39jL9WWDe2lz8x0WglOA==}

  '@emnapi/runtime@1.11.2':
    resolution: {integrity: sha512-kyOl3X0DuTiT1h2ft8r2fYO8JYtU9a9Xis/zBSiGArNaagCOWx90N1k2wxp18czFDH+OgcWGb5ZP/XMt3dcyPA==}

  '@emnapi/wasi-threads@1.2.2':
    resolution: {integrity: sha512-c95qOXkHdydNKhscBTebqEC1CVAZpyqOfVfBzQ1qgzyl3gfeldUjIggDbIZgDKsHLgnsM+igH7TJ/eAasaVuMA==}

  '@napi-rs/wasm-runtime@1.2.2':
    resolution: {integrity: sha512-JfB4kuJQjaoHuCTseIINHtHWeJnvgEcxjwA5t/Y00ZgaOO1Crz3fjT/p8kT28zA/Caz7oiUMn3d6H2yOVCVwuw==}
    engines: {node: ^20.19.0 || ^22.13.0 || >=23.5.0}
    peerDependencies:
      '@emnapi/core': ^1.7.1 || ^2.0.0-alpha.3
      '@emnapi/runtime': ^1.7.1 || ^2.0.0-alpha.3

  '@nihalgonsalves/esconfig@0.18.2':
    resolution: {integrity: sha512-EmL84D74WL5vReKnS6aVilzLdkiGX13rboQf/XBdqoVcxulWKSXlqnoGftApt5LeSViR9Zg8w7eKygslJRsaaQ==}
    peerDependencies:
      eslint-plugin-jest-dom: ^5.5.0
      eslint-plugin-storybook: ^10.2.16
      eslint-plugin-testing-library: ^7.16.0
      oxlint: ^1.78.0
      oxlint-tsgolint: ^7.0.2001
      typescript: ^7.0.2
    peerDependenciesMeta:
      eslint-plugin-jest-dom:
        optional: true
      eslint-plugin-storybook:
        optional: true
      eslint-plugin-testing-library:
        optional: true

  '@oxc-parser/binding-android-arm-eabi@0.150.0':
    resolution: {integrity: sha512-oQef2Zu4Prz1KLKznz3HqZzU9uVoA5PMoDZuuLmqms7hKmKSAPzlaMnLllJq3t+rgKmfJJ2siPrpZfFrW06btw==}
    engines: {node: ^20.19.0 || >=22.12.0}
    cpu: [arm]
    os: [android]

  '@oxc-parser/binding-android-arm64@0.150.0':
    resolution: {integrity: sha512-B6ofpoFiAUwIZ0MJ2IgHPvZK8FAtL4qzSZRwOkAKIfxEobE1mQC8nDdiFZj7pUaJiVUVCsfkMsBJKedzO8rZvA==}
    engines: {node: ^20.19.0 || >=22.12.0}
    cpu: [arm64]
    os: [android]

  '@oxc-parser/binding-darwin-arm64@0.150.0':
    resolution: {integrity: sha512-J+9IHKzx/bSz1JetOfD4zKXSK9sOm4/a7+0qomJODcTL6JsRXGeV/ZdkAPSIDydfFmWzYCraMlQEosSZEyBYkQ==}
    engines: {node: ^20.19.0 || >=22.12.0}
    cpu: [arm64]
    os: [darwin]

  '@oxc-parser/binding-darwin-x64@0.150.0':
    resolution: {integrity: sha512-v6IPfcAcSYrBWXV5Tce1DmxDMXLhEYpIIWiRFPJopgCVscZdLaV4MRQOUxvL3usQlw+yrwYOjBFB9IwBx+jUiQ==}
    engines: {node: ^20.19.0 || >=22.12.0}
    cpu: [x64]
    os: [darwin]

  '@oxc-parser/binding-freebsd-x64@0.150.0':
    resolution: {integrity: sha512-AoR/4jD02HET0KO0yNT4nbTE+XJUxiO9jB1X/ycEjUE3WrIJ3IjV/Vf+gskhWLcqqeXfvNnkDtBR7epllAm88A==}
    engines: {node: ^20.19.0 || >=22.12.0}
    cpu: [x64]
    os: [freebsd]

  '@oxc-parser/binding-linux-arm-gnueabihf@0.150.0':
    resolution: {integrity: sha512-A/hycCFjLUrCmLoL5O/vBp40ohlaXO1Ta3v5hqYZxicYFs129wZmgZJggcW4mYGYbZebQLhup+N8JjeQl8qwyw==}
    engines: {node: ^20.19.0 || >=22.12.0}
    cpu: [arm]
    os: [linux]

  '@oxc-parser/binding-linux-arm-musleabihf@0.150.0':
    resolution: {integrity: sha512-pbqahg1Pkz7J4RKmXm30s/iQu99hv64ayXCu8P4p75HcEH5azOdR4eGqiB6lFGkFR3mMpzaYsSKLkS8oJbjmeQ==}
    engines: {node: ^20.19.0 || >=22.12.0}
    cpu: [arm]
    os: [linux]

  '@oxc-parser/binding-linux-arm64-gnu@0.150.0':
    resolution: {integrity: sha512-HV11aRbBQGwqv8bEo+K/6qr88uB4fEe1mhXncMhlVCrj+WpBSraxrUzHaPVmeQRU6x6x8v/3DuCbbo93rpp+fw==}
    engines: {node: ^20.19.0 || >=22.12.0}
    cpu: [arm64]
    os: [linux]
    libc: [glibc]

  '@oxc-parser/binding-linux-arm64-musl@0.150.0':
    resolution: {integrity: sha512-k6pVkJqALwtEuP4zukVhGRhdIy4+ofChUIUUsAHHyqDZlNsknmel3JjbggrJiWGaes6h/dIcWmEXsKW4SmK9oQ==}
    engines: {node: ^20.19.0 || >=22.12.0}
    cpu: [arm64]
    os: [linux]
    libc: [musl]

  '@oxc-parser/binding-linux-ppc64-gnu@0.150.0':
    resolution: {integrity: sha512-tEFg39mw/rHO5n8GK2DR4ZMFfsPQZtnQIPbsIpjoQRomJc/2tRfsCSmCT6gNit+NZGoeJG5aH9ATDH5bf0WnoQ==}
    engines: {node: ^20.19.0 || >=22.12.0}
    cpu: [ppc64]
    os: [linux]
    libc: [glibc]

  '@oxc-parser/binding-linux-riscv64-gnu@0.150.0':
    resolution: {integrity: sha512-0JO7IFkoek6HqV589Menx3hJySNXi6quRhO4tq2P7kpEHKEXoDATnoPVUpn5B7gDH2KLkdo751N0uIrGJFCTCw==}
    engines: {node: ^20.19.0 || >=22.12.0}
    cpu: [riscv64]
    os: [linux]
    libc: [glibc]

  '@oxc-parser/binding-linux-riscv64-musl@0.150.0':
    resolution: {integrity: sha512-7XPzREnyAS5wHU9aB+49Uaqgoo1gVCklHc3DRlc3fJy2tXD/eAJFN1QFz/crj+Ulup5P1+axNREF+/RGaB/IRA==}
    engines: {node: ^20.19.0 || >=22.12.0}
    cpu: [riscv64]
    os: [linux]
    libc: [musl]

  '@oxc-parser/binding-linux-s390x-gnu@0.150.0':
    resolution: {integrity: sha512-7n7ZxcbRWDFaTdyj8M8p0O9OfzoMKm8O6syBAIgcSutbOALq0Bb9G52Me+XH0anMLZV+NgXc726gqgG2q39vcQ==}
    engines: {node: ^20.19.0 || >=22.12.0}
    cpu: [s390x]
    os: [linux]
    libc: [glibc]

  '@oxc-parser/binding-linux-x64-gnu@0.150.0':
    resolution: {integrity: sha512-Vx0GSA9ZCRTUiczoEQnIIyXkMvtEY8uc6IiwLQtMe5ci2sXPqjrry0Ek5fsPP1k2kCzkML3ow9UOOEgnEDi7Bw==}
    engines: {node: ^20.19.0 || >=22.12.0}
    cpu: [x64]
    os: [linux]
    libc: [glibc]

  '@oxc-parser/binding-linux-x64-musl@0.150.0':
    resolution: {integrity: sha512-ii4/9m3viDLssMnfXU7/Pni/3nYplApuGayceX4qsVGaqqQJCx3tHIH9M/HWIeSty5i8LjS21zPYT6lVIkwLxw==}
    engines: {node: ^20.19.0 || >=22.12.0}
    cpu: [x64]
    os: [linux]
    libc: [musl]

  '@oxc-parser/binding-openharmony-arm64@0.150.0':
    resolution: {integrity: sha512-ZtoxX5rez36ZWkwtiEhjkCPnlTPoQ2I7lIL0IYZ1yjxMYohbvoOjBmUIZzrf9W/HouONq0omIfTeCWEY+R380w==}
    engines: {node: ^20.19.0 || >=22.12.0}
    cpu: [arm64]
    os: [openharmony]

  '@oxc-parser/binding-win32-arm64-msvc@0.150.0':
    resolution: {integrity: sha512-VqeRb5JX/bKYBrff7TUDvJyKY0914UzuCkuXIGxJS4FUmvMNfqkCbc7Sq90iMz9DlmAtlggwaBYQ9eg3h3ltiw==}
    engines: {node: ^20.19.0 || >=22.12.0}
    cpu: [arm64]
    os: [win32]

  '@oxc-parser/binding-win32-ia32-msvc@0.150.0':
    resolution: {integrity: sha512-EPqJfeZ4Pgg2BJSsCV8GozxV0FDltRzpVtGVa1r2noJu1iu+opOw3gtBWXwIo9odCT/MdFfyHxdy0/CRqs3OqA==}
    engines: {node: ^20.19.0 || >=22.12.0}
    cpu: [ia32]
    os: [win32]

  '@oxc-parser/binding-win32-x64-msvc@0.150.0':
    resolution: {integrity: sha512-n5YMzbqwPQqozbkrexi0lNZrUz5cnPHalYpFWe6Dau7AmKIWNo+y24IwzDuZEQtEdUHuKhXmMMih/MPjOI+CMw==}
    engines: {node: ^20.19.0 || >=22.12.0}
    cpu: [x64]
    os: [win32]

  '@oxc-project/types@0.150.0':
    resolution: {integrity: sha512-rDS5/31E9HfPl/CIzGrn0DOlvBbXFseQ5URJ9sYMfstbKLD/c6Gm9vmRzRGDdAXyOIL4zmO37lc9RIwYqVruZw==}

  '@oxc-resolver/binding-android-arm-eabi@11.24.2':
    resolution: {integrity: sha512-y09e0L0SRI2OA2tUIrjBgoV3eH5hvUKXNkJqXmNo5V2WxIjyC7I7aJfRLMEVpA8yi95f90gFDvO0VMgrDw+vwA==}
    cpu: [arm]
    os: [android]

  '@oxc-resolver/binding-android-arm64@11.24.2':
    resolution: {integrity: sha512-cl4icWaZFnLdg8m6qtnh5rBMuGbxc/ptStFHLeCNwr+2cZjkjNwQu/jYRS0CHlnPecOJMpuS5M6/BH+0J/YkEg==}
    cpu: [arm64]
    os: [android]

  '@oxc-resolver/binding-darwin-arm64@11.24.2':
    resolution: {integrity: sha512-At29QEMF6HajbQvgY8K6OXnHD1x9rad74xBEfmCB6ZqCGsdq75aK7tOYcTbOanMy8qdIBrfL3SMr3p/lfSlb9w==}
    cpu: [arm64]
    os: [darwin]

  '@oxc-resolver/binding-darwin-x64@11.24.2':
    resolution: {integrity: sha512-A5Kqr1EUj4oIL5CF4WRssq/o5P0Y11cwoFouMRmQ7YnC/A8V93nv1nb7aSU8HwcgmXropjLNkVTl4MN87cu28Q==}
    cpu: [x64]
    os: [darwin]

  '@oxc-resolver/binding-freebsd-x64@11.24.2':
    resolution: {integrity: sha512-R5xkRBRRz7ceH/P5Jrc6G7FmdUdgpLYyESFAUDVTNQ9K0sGPxcp4ljiwEwEqsvNcQ4sYbMRrWcHHBCu7ksAJVw==}
    cpu: [x64]
    os: [freebsd]

  '@oxc-resolver/binding-linux-arm-gnueabihf@11.24.2':
    resolution: {integrity: sha512-k/RuYL4L/R58IBn3wT5ma3Wh4k62bp1eYCFRWCmMsasUOqL+H6sW0VGFadEzKWXFFlz+2uIMoeMk9ySSZJHgbg==}
    cpu: [arm]
    os: [linux]

  '@oxc-resolver/binding-linux-arm-musleabihf@11.24.2':
    resolution: {integrity: sha512-bnHAak3ujYfH5pKk4NieFNbvYvernfoQDgwLddbZ3OtMYrem87/qjlA+u+aKG0oZcqSLGCful/6/CEA+aeAgaA==}
    cpu: [arm]
    os: [linux]

  '@oxc-resolver/binding-linux-arm64-gnu@11.24.2':
    resolution: {integrity: sha512-vDT3KHgzYp47gmtNOqL2VNhCyl5Zv643eyxm//A68J8DeUGXrvD1pZFiaT4jSfe+RInfnn1R2yVHye4enx6RnA==}
    cpu: [arm64]
    os: [linux]
    libc: [glibc]

  '@oxc-resolver/binding-linux-arm64-musl@11.24.2':
    resolution: {integrity: sha512-+kMlQvbzfyEYtu5FcjE4p+ttBLpKW4d/AsAsuE69BxV6V4twZJeIQZFfD8gh/wqglY0MkPSezWXQH0jBV13MUw==}
    cpu: [arm64]
    os: [linux]
    libc: [musl]

  '@oxc-resolver/binding-linux-ppc64-gnu@11.24.2':
    resolution: {integrity: sha512-shjfMhmZ3gq9fv/w7bi3PnZlgOPG+2QAOFf0BJF0EgBSIGZ6PMLN2zbGEblTUYB/NKVDRyYhE2ff3dJ1QqNPkA==}
    cpu: [ppc64]
    os: [linux]
    libc: [glibc]

  '@oxc-resolver/binding-linux-riscv64-gnu@11.24.2':
    resolution: {integrity: sha512-zGelwFR5oRo+b69k8Lrzun86DyUHzfKN6cnjbR9l7Z7NIRznOE/2ZvPa1IUKqAL2PzAXOdwkfVqNvO1H2RlpAw==}
    cpu: [riscv64]
    os: [linux]
    libc: [glibc]

  '@oxc-resolver/binding-linux-riscv64-musl@11.24.2':
    resolution: {integrity: sha512-qxZ1SWCXJY0eyhAlP6Lmo9F2Nrtx7EkYj9oCgL8apDPCwXwCEDA2U697bbT81JIc2IrVjxO4KX6WU2N+oN9Z4w==}
    cpu: [riscv64]
    os: [linux]
    libc: [musl]

  '@oxc-resolver/binding-linux-s390x-gnu@11.24.2':
    resolution: {integrity: sha512-sGCecF3cx2DFlH4t/z7ApnOnXqN48p5p5mlHDEnHTAukQa2P+qMVE4CwyWE9W+q/m3QJ7kKfGrIjax31f44oFQ==}
    cpu: [s390x]
    os: [linux]
    libc: [glibc]

  '@oxc-resolver/binding-linux-x64-gnu@11.24.2':
    resolution: {integrity: sha512-k/VlMMcSzMlahb3/fENM4rTlsJ0s3fFROA0KXPBmKggqmTSaE383sl8F3KCOXPLmVsYfW6hCitMhXCEtNeZxxg==}
    cpu: [x64]
    os: [linux]
    libc: [glibc]

  '@oxc-resolver/binding-linux-x64-musl@11.24.2':
    resolution: {integrity: sha512-8hbnZyNi97b/8wapYaIF9+t9GmZKBW2vunaOc3h9HGJptH7b7XpvZqOTBSm/MpTjr7H497BlgOaSfLUdhmy2bw==}
    cpu: [x64]
    os: [linux]
    libc: [musl]

  '@oxc-resolver/binding-openharmony-arm64@11.24.2':
    resolution: {integrity: sha512-MvyGik3a6pVgZ0t/kWlbmFxFLmXQJwgLsY2eYFHLpy0wGwRbfzeIGgDwQ3kXqE30z+kSXennRkCrT7TUvkptNg==}
    cpu: [arm64]
    os: [openharmony]

  '@oxc-resolver/binding-wasm32-wasi@11.24.2':
    resolution: {integrity: sha512-vHcssMPwO08RTvj/c0iOBz90attxyG3wQJ0dTcyEQK43LRpcdLWZlV5feBhv6Isn6ahbQIzHbCgfa81+RiML0Q==}
    engines: {node: '>=14.0.0'}
    cpu: [wasm32]

  '@oxc-resolver/binding-win32-arm64-msvc@11.24.2':
    resolution: {integrity: sha512-uokJqro2iBqkFvJdKQLP7d8/BUmFwESQFVmIJUQKj1Xn1a/LysJoe1vmeECLF5b3jsV8CAL5sEMJXX6SdK9Nhg==}
    cpu: [arm64]
    os: [win32]

  '@oxc-resolver/binding-win32-x64-msvc@11.24.2':
    resolution: {integrity: sha512-UqGPmo56KDfLlfXFAFIrNflHT8tFxWGEivWg3Zeyp4Uy2NlKN1FGPr6/BxcLGG3+kZ6Wp14g5Uj+n71boqZfiw==}
    cpu: [x64]
    os: [win32]

  '@oxfmt/binding-android-arm-eabi@0.71.0':
    resolution: {integrity: sha512-l31EyBfB4egJeFua11aQFEUE9nnDtfpWCadqQovm0WL30t/yUHtdFl/5HyFXvd5xT8Ewh3U4TI9f30GowrQ1fw==}
    engines: {node: ^20.19.0 || >=22.12.0}
    cpu: [arm]
    os: [android]

  '@oxfmt/binding-android-arm64@0.71.0':
    resolution: {integrity: sha512-E8q39SUZzSXQ08oZoFoTkxRADkdBNgL6De4qgZYr2O4JCunwqrZwAyCebxIF3yVHBafHM30WUkhTkDi+jNYZOw==}
    engines: {node: ^20.19.0 || >=22.12.0}
    cpu: [arm64]
    os: [android]

  '@oxfmt/binding-darwin-arm64@0.71.0':
    resolution: {integrity: sha512-pTteTrN88DicrmJ3DocBmpNDa6Umfh0iveEG8rnAlDFQpclmtDS7hnIvZbIEV9mDO0Ot1U0sjtoJQ1itd/ZMhQ==}
    engines: {node: ^20.19.0 || >=22.12.0}
    cpu: [arm64]
    os: [darwin]

  '@oxfmt/binding-darwin-x64@0.71.0':
    resolution: {integrity: sha512-G5melRC3IiNEgXlNKJhSExJYQGAQIppHFp2cl/wFrqQcEwmc4k4TkrHaFTR29SDudjoW5AZq5cXPGJDqtlH/Yg==}
    engines: {node: ^20.19.0 || >=22.12.0}
    cpu: [x64]
    os: [darwin]

  '@oxfmt/binding-freebsd-x64@0.71.0':
    resolution: {integrity: sha512-Hb1P5yKb9aiH2VSbm3Ml37mKjzqpunYet9krw/YK7V5JsAUJDQlju3Yk/dEqQvJD/usBvpi01Vbk9ZDNo0a8Cw==}
    engines: {node: ^20.19.0 || >=22.12.0}
    cpu: [x64]
    os: [freebsd]

  '@oxfmt/binding-linux-arm-gnueabihf@0.71.0':
    resolution: {integrity: sha512-r7n4JEO+rkp0kaP3ia+0hv6FzK3PQIHqaF0jxGuhjJ4JHVX9ZVRbgpDVDW+OloyuJsRWpWFDKIHe8gfl1p/4mQ==}
    engines: {node: ^20.19.0 || >=22.12.0}
    cpu: [arm]
    os: [linux]

  '@oxfmt/binding-linux-arm-musleabihf@0.71.0':
    resolution: {integrity: sha512-EEynTF4nakgqDhVCmd3cHQCmTcw0BM8ea6eHigTdtZ3yxdsBNv+dYkt+OpDDZx1n/jzjI7J+Ht7IgkqFWuJUxQ==}
    engines: {node: ^20.19.0 || >=22.12.0}
    cpu: [arm]
    os: [linux]

  '@oxfmt/binding-linux-arm64-gnu@0.71.0':
    resolution: {integrity: sha512-7VgJIrywCwR/G6YMv+HqsccUt8Z4q4mbM2xR+Ry/6AeMk4pCmZ9aO4Srd3mmrvVu8PsCZGP7oHEHSXWTmyloaQ==}
    engines: {node: ^20.19.0 || >=22.12.0}
    cpu: [arm64]
    os: [linux]
    libc: [glibc]

  '@oxfmt/binding-linux-arm64-musl@0.71.0':
    resolution: {integrity: sha512-AOCaminv/+fhinUXKvtPZT4POhNYmN9GfvaJdgJa1AbvuzClWGwDIXfJg8eu3sYaVL2B68jNvmS7LZGAYa0z3A==}
    engines: {node: ^20.19.0 || >=22.12.0}
    cpu: [arm64]
    os: [linux]
    libc: [musl]

  '@oxfmt/binding-linux-ppc64-gnu@0.71.0':
    resolution: {integrity: sha512-0SHxuaa4QRLM7jfsd8wc6L7KdLg+FR6/ah9k1eAvcrK/Sni7oxchMvsjwUsyakVAta+wBVDkjJTr7/RFU0uUGA==}
    engines: {node: ^20.19.0 || >=22.12.0}
    cpu: [ppc64]
    os: [linux]
    libc: [glibc]

  '@oxfmt/binding-linux-riscv64-gnu@0.71.0':
    resolution: {integrity: sha512-UNKj1+rPorTK6uSlQzpN96vDNbHbL/63zcpznweo0ImQdkDdtQCS7G3puxX++2cESPKT2B56Y6DICUmFTJde5A==}
    engines: {node: ^20.19.0 || >=22.12.0}
    cpu: [riscv64]
    os: [linux]
    libc: [glibc]

  '@oxfmt/binding-linux-riscv64-musl@0.71.0':
    resolution: {integrity: sha512-5cVXKj7a0mWu7GU6/bZgNyv+KtLgM5S9cnT26Os2/abj8pK/bklHsbdYEHGLLniGjNYkyzwem8mZciPCaDtilw==}
    engines: {node: ^20.19.0 || >=22.12.0}
    cpu: [riscv64]
    os: [linux]
    libc: [musl]

  '@oxfmt/binding-linux-s390x-gnu@0.71.0':
    resolution: {integrity: sha512-lNpcMuZvyU1V/CY5h19hac03m4E4PLSYRckcxZOynSPojI4Mwt6nEu9wT/gVf0bclH3xGEWjwqApnSTgjkd2oA==}
    engines: {node: ^20.19.0 || >=22.12.0}
    cpu: [s390x]
    os: [linux]
    libc: [glibc]

  '@oxfmt/binding-linux-x64-gnu@0.71.0':
    resolution: {integrity: sha512-5/Z6pUewQpknXqC4/ykK6Zc6RiteAnPem1Ci7K1RZLVF6w6MMjwHjR4vsjijW4Czidgv7HKeVglGjElADliT9w==}
    engines: {node: ^20.19.0 || >=22.12.0}
    cpu: [x64]
    os: [linux]
    libc: [glibc]

  '@oxfmt/binding-linux-x64-musl@0.71.0':
    resolution: {integrity: sha512-uVdG2N/4GEbOeljpQ+xv+NeEwJWJGj0WaxSiSYnoiqIYy3RWrWd3rGUmxWXP1A8+ferNvvwFoDAtvgsDUvBuSw==}
    engines: {node: ^20.19.0 || >=22.12.0}
    cpu: [x64]
    os: [linux]
    libc: [musl]

  '@oxfmt/binding-openharmony-arm64@0.71.0':
    resolution: {integrity: sha512-1LwEZmSDRFKeBaGd/Hgj2xI3SmgGFpF4YtgkSx0sTYdTiZfHWbcFvRIBjL1YiDNdQd9Khda3Ij8CoqBULjskDg==}
    engines: {node: ^20.19.0 || >=22.12.0}
    cpu: [arm64]
    os: [openharmony]

  '@oxfmt/binding-win32-arm64-msvc@0.71.0':
    resolution: {integrity: sha512-5tplmkeMXmza3PUptJQy25wCPJbIAg5g5r7zs+DI+7eEYOqbY+7roMdSH2zbDvv1Pb4oTDJ6NWYx9IRxBxXwhQ==}
    engines: {node: ^20.19.0 || >=22.12.0}
    cpu: [arm64]
    os: [win32]

  '@oxfmt/binding-win32-ia32-msvc@0.71.0':
    resolution: {integrity: sha512-T2LWgh3Vx4PYDjtcqRRGDyCsVxeF/VE5xTpUQiCm65bNLwMpRnJYj6Hlkf6qRM3+jxCIOqHD1kVHNQCCiAVMNQ==}
    engines: {node: ^20.19.0 || >=22.12.0}
    cpu: [ia32]
    os: [win32]

  '@oxfmt/binding-win32-x64-msvc@0.71.0':
    resolution: {integrity: sha512-L06SVp7Hu1EQTkh3+PHnKK26dxVbEpOG2InMwCooTE4MA437b5FgfTleCCiGn4ykISHnHU6UHaIg7SiMO7rBHA==}
    engines: {node: ^20.19.0 || >=22.12.0}
    cpu: [x64]
    os: [win32]

  '@oxlint-tsgolint/darwin-arm64@7.0.2003':
    resolution: {integrity: sha512-TgV33rXr6ueXBwvc+0nssUkTBSXHJxv77I8p4RCjDjCnvexHtmoPiudVRDfj3S3puMDdeQdHW6jdUgUPy3nr/w==}
    cpu: [arm64]
    os: [darwin]

  '@oxlint-tsgolint/darwin-x64@7.0.2003':
    resolution: {integrity: sha512-hY3FMAjIaPDdK3FNxyRXRfHPOFeoBn6dmnLyKZgQ2IbTTD1adXhl6PfCIqHhCPvurigv7nf7mYuWZZ19MmJzmg==}
    cpu: [x64]
    os: [darwin]

  '@oxlint-tsgolint/linux-arm64@7.0.2003':
    resolution: {integrity: sha512-eAET4JpyfBbg8SO0K74o4R55tEjVC292pIyxGOw2XGf8x/HrPNyxwQ478jMYOM54FIVOHc8sJ6VRHxluy6lucw==}
    cpu: [arm64]
    os: [linux]

  '@oxlint-tsgolint/linux-x64@7.0.2003':
    resolution: {integrity: sha512-GXdyO/XyqDJ3s/llR/oOktLsYNjZtWSQBy0JMc+/0gsNPvTcseKPhn9c6KcFyWmnr6H4vljYALbujonqSzzEGw==}
    cpu: [x64]
    os: [linux]

  '@oxlint-tsgolint/win32-arm64@7.0.2003':
    resolution: {integrity: sha512-TWauXnPfet0VgpmrstoAK58eJ4gbuwPUuUTQmYQAzE/RG1CpnxXtrKUJULf6lyerPE4KN3gM+DflIA1hOH+38Q==}
    cpu: [arm64]
    os: [win32]

  '@oxlint-tsgolint/win32-x64@7.0.2003':
    resolution: {integrity: sha512-DoRmfe7j8VqNlukp8liRVW45GQDhzRccNenjD/pdzelgtffW47pCMd1xbJLkPaPbKnTwID3onn3VZlL7JbebEA==}
    cpu: [x64]
    os: [win32]

  '@oxlint/binding-android-arm-eabi@1.86.0':
    resolution: {integrity: sha512-63Ozq6yQn79B2UxjSZ9huJmI+3/ZPI7hxAe6TyFh9oQL447KnIMoffOdtog+h4KILbQr61ZRvFPW5gYbAUgpgQ==}
    engines: {node: ^20.19.0 || >=22.12.0}
    cpu: [arm]
    os: [android]

  '@oxlint/binding-android-arm64@1.86.0':
    resolution: {integrity: sha512-JdLGp44phbf/0Du236Dt06yfK6Qw8xhTFeDvHJdjk167r59OfP5+BL31mgMYVnswS8e+j6tFuccSY0QDC/lgCw==}
    engines: {node: ^20.19.0 || >=22.12.0}
    cpu: [arm64]
    os: [android]

  '@oxlint/binding-darwin-arm64@1.86.0':
    resolution: {integrity: sha512-h+vkOr4ik6KLFCXdtNVEj9xfnXfNUpPoF95QjORdhiSpLqQePzcN81kGHjAgsw1/G7WBWK5KsFKbI2UK8EyzMA==}
    engines: {node: ^20.19.0 || >=22.12.0}
    cpu: [arm64]
    os: [darwin]

  '@oxlint/binding-darwin-x64@1.86.0':
    resolution: {integrity: sha512-wbglRuH5eKsp68keTOOeKDHU1astWSRYFsh2bwKQTAPb44rD6kVgzYI1ZrAJRTc6/7PH55ZXFCQx0rQXrj0UdA==}
    engines: {node: ^20.19.0 || >=22.12.0}
    cpu: [x64]
    os: [darwin]

  '@oxlint/binding-freebsd-x64@1.86.0':
    resolution: {integrity: sha512-yTQ7QSOlNfQsrfbeVweTiegQJLKPjUKgXp/JpGiFzza6Hp29S9LAoH77TM3L0RjK39iQRZB5lk5iq2t241Mfag==}
    engines: {node: ^20.19.0 || >=22.12.0}
    cpu: [x64]
    os: [freebsd]

  '@oxlint/binding-linux-arm-gnueabihf@1.86.0':
    resolution: {integrity: sha512-QYJGy0E2Tv8GAayyBIeHFTwQb8u+zrvrOYrifuDGZDr9ad5XsDhiMScpZymhS9fwWjqrgG2ZUwT4vpY0ISqp4Q==}
    engines: {node: ^20.19.0 || >=22.12.0}
    cpu: [arm]
    os: [linux]

  '@oxlint/binding-linux-arm-musleabihf@1.86.0':
    resolution: {integrity: sha512-oQo83CafLT8p3qh0AGkN0tSUIh5Hm63mfDsoqUmBQUBnSZLNBAbyRaAftfGY5a0cKZ34dG6jAtMYgcY5kZqt5g==}
    engines: {node: ^20.19.0 || >=22.12.0}
    cpu: [arm]
    os: [linux]

  '@oxlint/binding-linux-arm64-gnu@1.86.0':
    resolution: {integrity: sha512-EM6wy5c2UM12qPb7iDJDBAZvHyfEJGH6iosFgaFiaRZpirz99//EHcUyD2KAskz07x1TULuiAtsojf4nvWWksw==}
    engines: {node: ^20.19.0 || >=22.12.0}
    cpu: [arm64]
    os: [linux]
    libc: [glibc]

  '@oxlint/binding-linux-arm64-musl@1.86.0':
    resolution: {integrity: sha512-vCiUQb9ZNzZalxYRU4mlZwUqT5f+c7Sk9DwUOplWHtik3Dl4r3DVnUB5tBeRuTAUe6MUVCTylNW7TkkN8J1oTw==}
    engines: {node: ^20.19.0 || >=22.12.0}
    cpu: [arm64]
    os: [linux]
    libc: [musl]

  '@oxlint/binding-linux-ppc64-gnu@1.86.0':
    resolution: {integrity: sha512-T0AzE89yjTYmOhB/hb6i+rWTpe2mYt+xiguBhs9DEPIJTZ1H8OYqsE4VxJHHw2Wlq8Mztwvp2P8NV87ZOuhPRw==}
    engines: {node: ^20.19.0 || >=22.12.0}
    cpu: [ppc64]
    os: [linux]
    libc: [glibc]

  '@oxlint/binding-linux-riscv64-gnu@1.86.0':
    resolution: {integrity: sha512-s49r0K2f5Oc7fJoMUO1WkdhYK5Ob79uYRwWQ/XNoGysaOq3RUGmGUbHSuXiyydTTA+P9xEdDEnnlZVXiaSJhlw==}
    engines: {node: ^20.19.0 || >=22.12.0}
    cpu: [riscv64]
    os: [linux]
    libc: [glibc]

  '@oxlint/binding-linux-riscv64-musl@1.86.0':
    resolution: {integrity: sha512-JIa2tYR8ayb3nvcMSZzn4O/xTy13S7MHllu7cBD+B5qDQXXSRy/Vwk1aNpiTjZmBJGwKCHOy/NvnY5Xcwg27uQ==}
    engines: {node: ^20.19.0 || >=22.12.0}
    cpu: [riscv64]
    os: [linux]
    libc: [musl]

  '@oxlint/binding-linux-s390x-gnu@1.86.0':
    resolution: {integrity: sha512-XwXMyBsAuWZkhZU74UNcfQKr1CJJAKnS80dZzOnjl6A4fKcf91IjFgidegQugMHA5SN8ulwDXEDV1yPntjXgQQ==}
    engines: {node: ^20.19.0 || >=22.12.0}
    cpu: [s390x]
    os: [linux]
    libc: [glibc]

  '@oxlint/binding-linux-x64-gnu@1.86.0':
    resolution: {integrity: sha512-C1WjukSyMnr66b+w1/tV8RFVv6d9v0MzDf4p9IxVXknqgmTHBgZh1pccN1eHzFr0b9Tbb3OXoPsAAdAuHAQfeA==}
    engines: {node: ^20.19.0 || >=22.12.0}
    cpu: [x64]
    os: [linux]
    libc: [glibc]

  '@oxlint/binding-linux-x64-musl@1.86.0':
    resolution: {integrity: sha512-ap6KLmvC38c6MdYzsIh25cXQupqYvjd37tMNftzrX1DCtkX1Gcf2B+S2B17dD4lKa5c5gJog7DQJyDo82PBKyw==}
    engines: {node: ^20.19.0 || >=22.12.0}
    cpu: [x64]
    os: [linux]
    libc: [musl]

  '@oxlint/binding-openharmony-arm64@1.86.0':
    resolution: {integrity: sha512-996Q9w/2GLwNyy5Djs39Jt09aFlr4b7TPhoj7dvo5FHmcyiF68nPz73HNc5UAYKIYeK+M9JzPQ4Wg1r1dXvP6A==}
    engines: {node: ^20.19.0 || >=22.12.0}
    cpu: [arm64]
    os: [openharmony]

  '@oxlint/binding-win32-arm64-msvc@1.86.0':
    resolution: {integrity: sha512-9uTCHYTknNkug5+46ViSoUMuOuGWK61D87QnblU6CXaWKJC630Z7dbls61vdHxya/cR2ycQZ6Mm6ckgF6Cag5g==}
    engines: {node: ^20.19.0 || >=22.12.0}
    cpu: [arm64]
    os: [win32]

  '@oxlint/binding-win32-ia32-msvc@1.86.0':
    resolution: {integrity: sha512-a47ga7EKVfMU8rO0i1m3mGwfNRj3FhQyt1d/ukO/E9u1HHF3KpR3tyb3VhuJBGEVPF8uR4exSyHUyx7xbE+uxw==}
    engines: {node: ^20.19.0 || >=22.12.0}
    cpu: [ia32]
    os: [win32]

  '@oxlint/binding-win32-x64-msvc@1.86.0':
    resolution: {integrity: sha512-az4dzifCRzES1crwu6pDFXzJTIanrdxXFL9TbiJWrx9LKcuacbR83aPvxDA1LKLNswi/RoqitC7Afcflhu3zBQ==}
    engines: {node: ^20.19.0 || >=22.12.0}
    cpu: [x64]
    os: [win32]

  '@tybys/wasm-util@0.10.3':
    resolution: {integrity: sha512-F3fo1MYrRJYL3zER0OUOmkutjr1Vp23m7OsSgp7nq4SP6OqX6C/56XFIPAl5bt3zaBRjmW7SGz3u/6LwFpYcOg==}

  '@types/node@22.20.4':
    resolution: {integrity: sha512-zJRE40jpHtKqE/C4fgHrAKQLJuSpzEnP9ff9Y7YtoR3Wd2pwqzlekDeEuUQXjRd+QCYnVnNwuJYmhdk9XV8gvA==}

  '@typescript/typescript-aix-ppc64@7.0.2':
    resolution: {integrity: sha512-MTKKkWB7p/0E9xi1d1tHtZ5PiLkGEMIq88pK2CubZjOsLtYTLqhgIgi6zepFa+9GHZ6h05NMCkQxGKiPXMxXtQ==}
    engines: {node: '>=16.20.0'}
    cpu: [ppc64]
    os: [aix]

  '@typescript/typescript-darwin-arm64@7.0.2':
    resolution: {integrity: sha512-gowzar9MwS/aRWp6f3a4KUqzRjAZjOsmGNCM6LcTgXum+dBfgsBVMN+AgvOCCbguXyick6LJhpBszxMebJ8syA==}
    engines: {node: '>=16.20.0'}
    cpu: [arm64]
    os: [darwin]

  '@typescript/typescript-darwin-x64@7.0.2':
    resolution: {integrity: sha512-SZ9xZInqApNlNGc9s0W1VSsktYSOe9cFqNOIqmN1Gs8SmkjKZYFt017G4VwPxASInODuAdbTW7sXiFUf893RgA==}
    engines: {node: '>=16.20.0'}
    cpu: [x64]
    os: [darwin]

  '@typescript/typescript-freebsd-arm64@7.0.2':
    resolution: {integrity: sha512-W5NH4y/J0plIIS5b2xvTEkU7JFxyqdMAOgf+Ilhl0vHQXKO5dZoxd+C/jEtq56c4F3wk71RB4BMRQ2XdI+bwYQ==}
    engines: {node: '>=16.20.0'}
    cpu: [arm64]
    os: [freebsd]

  '@typescript/typescript-freebsd-x64@7.0.2':
    resolution: {integrity: sha512-UMGDx5sTpzNw3WiPebH7l90IWfJggEd+egHt/q6p7/Cm3zqoV7VxkGXt+3DxPIw8CcmvAB0j3sVVfbhX+M4Tpw==}
    engines: {node: '>=16.20.0'}
    cpu: [x64]
    os: [freebsd]

  '@typescript/typescript-linux-arm64@7.0.2':
    resolution: {integrity: sha512-Qh4eU4/y3yDjnfjjyPYihMj5/ODIlmt+Bzu17OI+fiSRDW57QmU5SiN63exPRNJPKUzcc1INa1NXdrJ+MqHjUQ==}
    engines: {node: '>=16.20.0'}
    cpu: [arm64]
    os: [linux]

  '@typescript/typescript-linux-arm@7.0.2':
    resolution: {integrity: sha512-gffT3xPz9sR7j/YJExkyPntrI0P2EP9XbOyWzth2/Gs0RstK+90RBcO0ncXoXy/beYll1SXw846Nf2zdnEz0QQ==}
    engines: {node: '>=16.20.0'}
    cpu: [arm]
    os: [linux]

  '@typescript/typescript-linux-loong64@7.0.2':
    resolution: {integrity: sha512-uEHck9i8hoAzXPiYRib1O7miOnz23SxIeVl6F4LXox+qov1K35jHcEW6VHKvZI+pyvl7fZEP4MCU5LYvIq1GuQ==}
    engines: {node: '>=16.20.0'}
    cpu: [loong64]
    os: [linux]

  '@typescript/typescript-linux-mips64el@7.0.2':
    resolution: {integrity: sha512-R4KvAMnE43W5Qeqb0Ly56O3mWMWIAgsMyz36DCaycd5nbg/9kzm0liw3JocfRqyJY0KPmzFjbswozXyW0DnIYA==}
    engines: {node: '>=16.20.0'}
    cpu: [mips64el]
    os: [linux]

  '@typescript/typescript-linux-ppc64@7.0.2':
    resolution: {integrity: sha512-DORx5b3sd/4S7eayxm4FQv+A7CrkUIGRaHiwI8oiHTAI1fAPWhF4J0vAlkC8biAlHSVVwxMQ3tjZ2/DVbnQiiA==}
    engines: {node: '>=16.20.0'}
    cpu: [ppc64]
    os: [linux]

  '@typescript/typescript-linux-riscv64@7.0.2':
    resolution: {integrity: sha512-wf0jqEDOjrPRnKwYRyyJDRo11KMbvMFrU+q4zqKyChODBzvlkbhNQfKvLxQCcwTpdDaXSHZTVuh0JoCrKCUMHQ==}
    engines: {node: '>=16.20.0'}
    cpu: [riscv64]
    os: [linux]

  '@typescript/typescript-linux-s390x@7.0.2':
    resolution: {integrity: sha512-IkwJc3L7yhytWd/ewjyxNDfOmswCm9GWMJT/ue/dU4aZNbwZeYAetq42VyLmsmSjvoX7z74X6ZaYCtzAr0EuGw==}
    engines: {node: '>=16.20.0'}
    cpu: [s390x]
    os: [linux]

  '@typescript/typescript-linux-x64@7.0.2':
    resolution: {integrity: sha512-EYdf2cNg7rgCWJnxCdJ+F3V39O8ihb37eHAu1LK8oAFizgTQbPOK7zHHXbPt8rX24COqODXeI3sIf0fCXG7H/A==}
    engines: {node: '>=16.20.0'}
    cpu: [x64]
    os: [linux]

  '@typescript/typescript-netbsd-arm64@7.0.2':
    resolution: {integrity: sha512-+polYF4MF04aPpO5FTkHran9yUQDSXqy5GiSDKpsll5jy3l3+g9QLhpf39T+ePtefhXLOGrLl0QIjkQP6VnelA==}
    engines: {node: '>=16.20.0'}
    cpu: [arm64]
    os: [netbsd]

  '@typescript/typescript-netbsd-x64@7.0.2':
    resolution: {integrity: sha512-8YIT0EHM/3dq10ZOVF/A7pc/YSMtbcecct4rWtexrnSCHOPcpC2KTLXfTCR6vDpnSiY12heNb1GiN/wu+T/FyA==}
    engines: {node: '>=16.20.0'}
    cpu: [x64]
    os: [netbsd]

  '@typescript/typescript-openbsd-arm64@7.0.2':
    resolution: {integrity: sha512-APT8+ClYnuYm1u9+kgGXoMj2VzWzcymwh2gNSQVySHfkRDGOTVkoWLjCmOQSaO+PoqQ57B0flRp9SA+7GnnkzQ==}
    engines: {node: '>=16.20.0'}
    cpu: [arm64]
    os: [openbsd]

  '@typescript/typescript-openbsd-x64@7.0.2':
    resolution: {integrity: sha512-yX7s+Q0Dln0Dt9tEzZsAjXXR/+ytBM7AlglaqyeMPxQszJ1JhlJdZ6jLA+IzldHtflX81em7lDao1xXu+aRRkg==}
    engines: {node: '>=16.20.0'}
    cpu: [x64]
    os: [openbsd]

  '@typescript/typescript-sunos-x64@7.0.2':
    resolution: {integrity: sha512-dLJDGaLZ1D4HPQn62u1n8mBDkJREwMsAkCdkwd4Ieqw+x3TUyTsqY0YiBCtE6H6OzzgGk3iuZ3vFWRS+E8/d1g==}
    engines: {node: '>=16.20.0'}
    cpu: [x64]
    os: [sunos]

  '@typescript/typescript-win32-arm64@7.0.2':
    resolution: {integrity: sha512-Gyl1Vy6OsWesLzmq+EP0Fb7b4Nid5232AvcA2SFcdYreldpNtYFFofPjnt62y9hQy7VTaZp65ICJjuAQRaVcIQ==}
    engines: {node: '>=16.20.0'}
    cpu: [arm64]
    os: [win32]

  '@typescript/typescript-win32-x64@7.0.2':
    resolution: {integrity: sha512-0BQ3HkAHHlKLSp1qRvf3SUhGpGsDuhB/jgFw75guyqbxJqEaS0Cw/VFO8i2nHglJUzQCRtMMR/IBAKE3ETMC4g==}
    engines: {node: '>=16.20.0'}
    cpu: [x64]
    os: [win32]

  fd-package-json@2.0.0:
    resolution: {integrity: sha512-jKmm9YtsNXN789RS/0mSzOC1NUq9mkVd65vbSSVsKdjGvYXBuE4oWe2QOEoFeRmJg+lPuZxpmrfFclNhoRMneQ==}

  fdir@6.5.0:
    resolution: {integrity: sha512-tIbYtZbucOs0BRGqPJkshJUYdL+SDH7dVM8gjy+ERp3WAUjLEFJE+02kanyHtwjWOnwrKYBiwAmM0p4kLJAnXg==}
    engines: {node: '>=12.0.0'}
    peerDependencies:
      picomatch: ^3 || ^4
    peerDependenciesMeta:
      picomatch:
        optional: true

  formatly@0.7.0:
    resolution: {integrity: sha512-7CXJtIIA0zy/u12StsYk25qVKxvdLA2ep2sTNxK3ov0mGNIIDqIvAXDSgTnAfDJFsPfWjuz0WjfYSdpvnLA5Tg==}
    engines: {node: '>=18.3.0'}
    hasBin: true

  get-tsconfig@4.14.3:
    resolution: {integrity: sha512-++QEw4DIY7WGoukz+/+A/8dGYPT9l9yIadnmSgZ8Rjr3YVSVDipQSO9CdnJo9ePqFqUUqh+wk9uIaoiAwsiPkA==}

  jiti@2.7.0:
    resolution: {integrity: sha512-AC/7JofJvZGrrneWNaEnJeOLUx+JlGt7tNa0wZiRPT4MY1wmfKjt2+6O2p2uz2+skll8OZZmJMNqeke7kKbNgQ==}
    hasBin: true

  knip@6.38.0:
    resolution: {integrity: sha512-umytiMCaZf02MV9SOO1FEDgbDf6h20VZk3ruJE0kh52kkGjYZFRUAXHJWYoLhvhoHGINO/7GXVJmQ2vxTBvl6A==}
    engines: {node: ^20.19.0 || >=22.12.0}
    hasBin: true

  lefthook-darwin-arm64@2.1.14:
    resolution: {integrity: sha512-VMUAqY81+8ph7Mc0iROd3JWqj2sOuK7SYDyd8ZgzYVKChCt+Nnz8ehd4gUwprJy7QI28IFSUh1M3wnIRiYh+fA==}
    cpu: [arm64]
    os: [darwin]

  lefthook-darwin-x64@2.1.14:
    resolution: {integrity: sha512-uSmjcPRU+yB+D6vk+u6WJDnyHlB+XIv1QZw97N2+qNGG2bNSLH/7MuJ6puCdJv+lVPBEO5wBjE3JIbaEzPOQCw==}
    cpu: [x64]
    os: [darwin]

  lefthook-freebsd-arm64@2.1.14:
    resolution: {integrity: sha512-po/pmjbp/7BjE9RFfeDnh+CeNsA0d+utppOYKB425I7mgI1GcmT8GAZ9DDut4DIutNjVqKL/lzrj+F87Gm40Rg==}
    cpu: [arm64]
    os: [freebsd]

  lefthook-freebsd-x64@2.1.14:
    resolution: {integrity: sha512-+KiXiFjJf7YdHUYjzhDsklcA5bAFZN+pNcz/NbBftrhVTwzNALNoK+SYEKt+9QJsrzL6tpDWmHHFpeLGp+8t8w==}
    cpu: [x64]
    os: [freebsd]

  lefthook-linux-arm64@2.1.14:
    resolution: {integrity: sha512-bjeJB16ftJaPWGTedssh8ZrqRy1ACfQuTV7a0O3NU1FoIsJtfHOm0o0mV4cPf4q+ZCVCwq1Xf2I11qUpuJFV4Q==}
    cpu: [arm64]
    os: [linux]

  lefthook-linux-x64@2.1.14:
    resolution: {integrity: sha512-gYExzjU2w3uKrP1MklbHENS1cXUdCQRIiEJkykI7q4RjhIHi+mQEUAZLxZw93a6jE2pNWaO0me5tB8EbEt4/GQ==}
    cpu: [x64]
    os: [linux]

  lefthook-openbsd-arm64@2.1.14:
    resolution: {integrity: sha512-MCW76gTlEMBF3Ds8O63UTxjaSguha/5zT0U3Vr719I1sXueSpttfRmm/5YfIB4MygB116yA/Vi+DsizT/X0kcg==}
    cpu: [arm64]
    os: [openbsd]

  lefthook-openbsd-x64@2.1.14:
    resolution: {integrity: sha512-salAc1PAhLI6xrB9pth5UxALQlTOGvZAfaAvgFwixhkdu8D//uW8zS3faFq31ktd1bDAy5wDI8p9yg+fF5+2uA==}
    cpu: [x64]
    os: [openbsd]

  lefthook-windows-arm64@2.1.14:
    resolution: {integrity: sha512-q3JC6lBrYLzkhXEhfnmFxJF47gSd5JeDweH3aNrHoLGX/KkRiOrk9RSyoRwSuGq03EYxSkJhl1FLj2GUxF7VqQ==}
    cpu: [arm64]
    os: [win32]

  lefthook-windows-x64@2.1.14:
    resolution: {integrity: sha512-WwIxdwW1lDAaJUU3ETcKlCtdqluGr3Cy+LjKvP4QIQnFf0FEXL78THstIkZ6k6qhfUn7/WvyqSIf0cbTAKw2nQ==}
    cpu: [x64]
    os: [win32]

  lefthook@2.1.14:
    resolution: {integrity: sha512-Y9TL1dmpRlIdSp73SJ6bb+xAZ4s2SinGTK3pgC9PRWMSjMr2iOfowPGnlSOfAo5fu6S5rdiItsQDxeLEWCGk4g==}
    hasBin: true

  oxc-parser@0.150.0:
    resolution: {integrity: sha512-zwajKw1GUa57IOdafIS7/yOObGF2NihwIfZfs5yJTRprMSkiwhWOc/k+n8bwnUPbHr2/XsjfBO8KyTPaW3VpWg==}
    engines: {node: ^20.19.0 || >=22.12.0}

  oxc-resolver@11.24.2:
    resolution: {integrity: sha512-FY91FiDBj7ls5MsFS9jN3tjz2o0/zsdSsymlakySaBwVJZorHhkWyICLZMKxlu1R9vYo+sd3z1jwb4J8x7bNDw==}

  oxfmt@0.71.0:
    resolution: {integrity: sha512-lUPUl0d/+Io5pDrsPXWs6rB4N/bpB78oj9CTDpnbulfDz+0r3XXcHPlQ7kRPJ2GjIT4nX+/mcqunOeP9BvsEtg==}
    engines: {node: ^20.19.0 || >=22.12.0}
    hasBin: true
    peerDependencies:
      svelte: ^5.0.0
      vite-plus: '*'
    peerDependenciesMeta:
      svelte:
        optional: true
      vite-plus:
        optional: true

  oxlint-tsgolint@7.0.2003:
    resolution: {integrity: sha512-VnK4zlqgmgq/7ZcjzCk/WpN8kKFsYGcB85Io9qT3wL4K8Un3RKmJkp793crNETieMusPMKOA4a+Mw2wbteI6TQ==}
    hasBin: true

  oxlint@1.86.0:
    resolution: {integrity: sha512-og0lhgvZfgGF//gOOmZXvtr+GmBbAGEnbEhv/QUg7UW2Wi4wHMnJbnMD+zuHgPdJxdklfgpPupdlAaAySyxrZg==}
    engines: {node: ^20.19.0 || >=22.12.0}
    hasBin: true
    peerDependencies:
      oxlint-tsgolint: '>=7.0.2003'
      vite-plus: '*'
    peerDependenciesMeta:
      oxlint-tsgolint:
        optional: true
      vite-plus:
        optional: true

  package-manager-detector@1.8.0:
    resolution: {integrity: sha512-yQA4H19AmPEoMUeavPMDIe1higySl/gH/yaQrkT/s07Qp+7pp2hYz30N3z2l5BkjVkF9Ow6o0wjJamm2y7Sn0A==}

  picomatch@4.0.7:
    resolution: {integrity: sha512-qcJu88Q2IWqJsDD529JKMdwGm/dvInW4HvQnRwiH9JtihJvzGOscDtHE3x1pBKeUOTysQ8kVmLnJ2kJu7yhcGA==}
    engines: {node: '>=12'}

  resolve-pkg-maps@1.0.0:
    resolution: {integrity: sha512-seS2Tj26TBVOC2NIc2rOe2y2ZO7efxITtLZcGSOnHHNOQ7CkiUBfw0Iw2ck6xkIhPwLhKNLS8BO+hEpngQlqzw==}

  smol-toml@1.8.0:
    resolution: {integrity: sha512-kCZr2V3ch9i00x8zXRhjUNVcjG9ijES5dDudkXvUVCT5QlJNQWElSJdZqyPemffHoLNUYwOcou0Fy+ojN0uHSQ==}
    engines: {node: '>= 18'}

  strip-json-comments@5.0.3:
    resolution: {integrity: sha512-1tB5mhVo7U+ETBKNf92xT4hrQa3pm0MZ0PQvuDnWgAAGHDsfp4lPSpiS6psrSiet87wyGPh9ft6wmhOMQ0hDiw==}
    engines: {node: '>=14.16'}

  tinyglobby@0.2.17:
    resolution: {integrity: sha512-wXR/dYpcqKmfWpEdZjiKJOwCNFndD0DMnrW/cYjVGttEkBfVgcLFHoNrlj47mjOVic9yyNu65alsgF4NQyTa2g==}
    engines: {node: '>=12.0.0'}

  tinypool@2.2.0:
    resolution: {integrity: sha512-jBrmx4lYmaC9k/mgPbylxs7kBUxHtD8256up+HjLaDFfXScKJQyil+SWXSvhAtT7XHo+yTVlpB81PGmHP8oLSQ==}
    engines: {node: ^20.0.0 || >=22.0.0}

  tslib@2.8.1:
    resolution: {integrity: sha512-oJFu94HQb+KVduSUQL7wnpmqnfmLsOA/nAh6b6EH0wCEoK0/mPeXU6c3wKDV83MkOuHPRHtSXKKU99IBazS/2w==}

  typescript@7.0.2:
    resolution: {integrity: sha512-8FYau96o3NKOhbjKi/qNvG/W5jhzxkbdm5sj9AbZ/5T5sWqn3hJgLfGx27sRKZWTvyzCP8dLRBTf5tBTSRVUNA==}
    engines: {node: '>=16.20.0'}
    hasBin: true

  unbash@4.0.11:
    resolution: {integrity: sha512-FoSOKV7NEofQSkAefMVHam4ZPKYMxjAydxiV72UFEDNV/YofxjGfiZ2A9pZjdL/lRJzTjcu4PABo1JYJX8N5iQ==}
    engines: {node: '>=14'}

  undici-types@6.21.0:
    resolution: {integrity: sha512-iwDZqg0QAGrg9Rav5H4n0M64c3mkR59cJ6wQp+7C4nI0gsmExaedaYLNO44eT4AtBBwjbTiGPMlt2Md0T9H9JQ==}

  walk-up-path@4.0.0:
    resolution: {integrity: sha512-3hu+tD8YzSLGuFYtPRb48vdhKMi0KQV5sn+uWr8+7dMEq/2G/dtLrdDinkLjqq5TIbIBjYJ4Ax/n3YiaW7QM8A==}
    engines: {node: 20 || >=22}

  yaml@2.9.1:
    resolution: {integrity: sha512-3NxN8+78OdzbT7C/WjGsyfPAtJaN3FNDsWxv7Y7mcDsT/oOmgW8BpyQQFFBnvZE3j9Y2Sdz1ULFLezL7Eb2yFw==}
    engines: {node: '>= 14.6'}
    hasBin: true

  zod@4.6.5:
    resolution: {integrity: sha512-v5l/aFXZQeai4awLbOpSoHecE9UiMrnfx75tEXLjNonXVARxQ5mOeipTjROUchszUNCqnE+hqAMujRsRHsut2Q==}

snapshots:

  '@emnapi/core@1.11.2':
    dependencies:
      '@emnapi/wasi-threads': 1.2.2
      tslib: 2.8.1
    optional: true

  '@emnapi/runtime@1.11.2':
    dependencies:
      tslib: 2.8.1
    optional: true

  '@emnapi/wasi-threads@1.2.2':
    dependencies:
      tslib: 2.8.1
    optional: true

  '@napi-rs/wasm-runtime@1.2.2(@emnapi/core@1.11.2)(@emnapi/runtime@1.11.2)':
    dependencies:
      '@emnapi/core': 1.11.2
      '@emnapi/runtime': 1.11.2
      '@tybys/wasm-util': 0.10.3
    optional: true

  '@nihalgonsalves/esconfig@0.18.2(oxlint-tsgolint@7.0.2003)(oxlint@1.86.0(oxlint-tsgolint@7.0.2003))(typescript@7.0.2)':
    dependencies:
      oxlint: 1.86.0(oxlint-tsgolint@7.0.2003)
      oxlint-tsgolint: 7.0.2003
      typescript: 7.0.2

  '@oxc-parser/binding-android-arm-eabi@0.150.0':
    optional: true

  '@oxc-parser/binding-android-arm64@0.150.0':
    optional: true

  '@oxc-parser/binding-darwin-arm64@0.150.0':
    optional: true

  '@oxc-parser/binding-darwin-x64@0.150.0':
    optional: true

  '@oxc-parser/binding-freebsd-x64@0.150.0':
    optional: true

  '@oxc-parser/binding-linux-arm-gnueabihf@0.150.0':
    optional: true

  '@oxc-parser/binding-linux-arm-musleabihf@0.150.0':
    optional: true

  '@oxc-parser/binding-linux-arm64-gnu@0.150.0':
    optional: true

  '@oxc-parser/binding-linux-arm64-musl@0.150.0':
    optional: true

  '@oxc-parser/binding-linux-ppc64-gnu@0.150.0':
    optional: true

  '@oxc-parser/binding-linux-riscv64-gnu@0.150.0':
    optional: true

  '@oxc-parser/binding-linux-riscv64-musl@0.150.0':
    optional: true

  '@oxc-parser/binding-linux-s390x-gnu@0.150.0':
    optional: true

  '@oxc-parser/binding-linux-x64-gnu@0.150.0':
    optional: true

  '@oxc-parser/binding-linux-x64-musl@0.150.0':
    optional: true

  '@oxc-parser/binding-openharmony-arm64@0.150.0':
    optional: true

  '@oxc-parser/binding-win32-arm64-msvc@0.150.0':
    optional: true

  '@oxc-parser/binding-win32-ia32-msvc@0.150.0':
    optional: true

  '@oxc-parser/binding-win32-x64-msvc@0.150.0':
    optional: true

  '@oxc-project/types@0.150.0': {}

  '@oxc-resolver/binding-android-arm-eabi@11.24.2':
    optional: true

  '@oxc-resolver/binding-android-arm64@11.24.2':
    optional: true

  '@oxc-resolver/binding-darwin-arm64@11.24.2':
    optional: true

  '@oxc-resolver/binding-darwin-x64@11.24.2':
    optional: true

  '@oxc-resolver/binding-freebsd-x64@11.24.2':
    optional: true

  '@oxc-resolver/binding-linux-arm-gnueabihf@11.24.2':
    optional: true

  '@oxc-resolver/binding-linux-arm-musleabihf@11.24.2':
    optional: true

  '@oxc-resolver/binding-linux-arm64-gnu@11.24.2':
    optional: true

  '@oxc-resolver/binding-linux-arm64-musl@11.24.2':
    optional: true

  '@oxc-resolver/binding-linux-ppc64-gnu@11.24.2':
    optional: true

  '@oxc-resolver/binding-linux-riscv64-gnu@11.24.2':
    optional: true

  '@oxc-resolver/binding-linux-riscv64-musl@11.24.2':
    optional: true

  '@oxc-resolver/binding-linux-s390x-gnu@11.24.2':
    optional: true

  '@oxc-resolver/binding-linux-x64-gnu@11.24.2':
    optional: true

  '@oxc-resolver/binding-linux-x64-musl@11.24.2':
    optional: true

  '@oxc-resolver/binding-openharmony-arm64@11.24.2':
    optional: true

  '@oxc-resolver/binding-wasm32-wasi@11.24.2':
    dependencies:
      '@emnapi/core': 1.11.2
      '@emnapi/runtime': 1.11.2
      '@napi-rs/wasm-runtime': 1.2.2(@emnapi/core@1.11.2)(@emnapi/runtime@1.11.2)
    optional: true

  '@oxc-resolver/binding-win32-arm64-msvc@11.24.2':
    optional: true

  '@oxc-resolver/binding-win32-x64-msvc@11.24.2':
    optional: true

  '@oxfmt/binding-android-arm-eabi@0.71.0':
    optional: true

  '@oxfmt/binding-android-arm64@0.71.0':
    optional: true

  '@oxfmt/binding-darwin-arm64@0.71.0':
    optional: true

  '@oxfmt/binding-darwin-x64@0.71.0':
    optional: true

  '@oxfmt/binding-freebsd-x64@0.71.0':
    optional: true

  '@oxfmt/binding-linux-arm-gnueabihf@0.71.0':
    optional: true

  '@oxfmt/binding-linux-arm-musleabihf@0.71.0':
    optional: true

  '@oxfmt/binding-linux-arm64-gnu@0.71.0':
    optional: true

  '@oxfmt/binding-linux-arm64-musl@0.71.0':
    optional: true

  '@oxfmt/binding-linux-ppc64-gnu@0.71.0':
    optional: true

  '@oxfmt/binding-linux-riscv64-gnu@0.71.0':
    optional: true

  '@oxfmt/binding-linux-riscv64-musl@0.71.0':
    optional: true

  '@oxfmt/binding-linux-s390x-gnu@0.71.0':
    optional: true

  '@oxfmt/binding-linux-x64-gnu@0.71.0':
    optional: true

  '@oxfmt/binding-linux-x64-musl@0.71.0':
    optional: true

  '@oxfmt/binding-openharmony-arm64@0.71.0':
    optional: true

  '@oxfmt/binding-win32-arm64-msvc@0.71.0':
    optional: true

  '@oxfmt/binding-win32-ia32-msvc@0.71.0':
    optional: true

  '@oxfmt/binding-win32-x64-msvc@0.71.0':
    optional: true

  '@oxlint-tsgolint/darwin-arm64@7.0.2003':
    optional: true

  '@oxlint-tsgolint/darwin-x64@7.0.2003':
    optional: true

  '@oxlint-tsgolint/linux-arm64@7.0.2003':
    optional: true

  '@oxlint-tsgolint/linux-x64@7.0.2003':
    optional: true

  '@oxlint-tsgolint/win32-arm64@7.0.2003':
    optional: true

  '@oxlint-tsgolint/win32-x64@7.0.2003':
    optional: true

  '@oxlint/binding-android-arm-eabi@1.86.0':
    optional: true

  '@oxlint/binding-android-arm64@1.86.0':
    optional: true

  '@oxlint/binding-darwin-arm64@1.86.0':
    optional: true

  '@oxlint/binding-darwin-x64@1.86.0':
    optional: true

  '@oxlint/binding-freebsd-x64@1.86.0':
    optional: true

  '@oxlint/binding-linux-arm-gnueabihf@1.86.0':
    optional: true

  '@oxlint/binding-linux-arm-musleabihf@1.86.0':
    optional: true

  '@oxlint/binding-linux-arm64-gnu@1.86.0':
    optional: true

  '@oxlint/binding-linux-arm64-musl@1.86.0':
    optional: true

  '@oxlint/binding-linux-ppc64-gnu@1.86.0':
    optional: true

  '@oxlint/binding-linux-riscv64-gnu@1.86.0':
    optional: true

  '@oxlint/binding-linux-riscv64-musl@1.86.0':
    optional: true

  '@oxlint/binding-linux-s390x-gnu@1.86.0':
    optional: true

  '@oxlint/binding-linux-x64-gnu@1.86.0':
    optional: true

  '@oxlint/binding-linux-x64-musl@1.86.0':
    optional: true

  '@oxlint/binding-openharmony-arm64@1.86.0':
    optional: true

  '@oxlint/binding-win32-arm64-msvc@1.86.0':
    optional: true

  '@oxlint/binding-win32-ia32-msvc@1.86.0':
    optional: true

  '@oxlint/binding-win32-x64-msvc@1.86.0':
    optional: true

  '@tybys/wasm-util@0.10.3':
    dependencies:
      tslib: 2.8.1
    optional: true

  '@types/node@22.20.4':
    dependencies:
      undici-types: 6.21.0

  '@typescript/typescript-aix-ppc64@7.0.2':
    optional: true

  '@typescript/typescript-darwin-arm64@7.0.2':
    optional: true

  '@typescript/typescript-darwin-x64@7.0.2':
    optional: true

  '@typescript/typescript-freebsd-arm64@7.0.2':
    optional: true

  '@typescript/typescript-freebsd-x64@7.0.2':
    optional: true

  '@typescript/typescript-linux-arm64@7.0.2':
    optional: true

  '@typescript/typescript-linux-arm@7.0.2':
    optional: true

  '@typescript/typescript-linux-loong64@7.0.2':
    optional: true

  '@typescript/typescript-linux-mips64el@7.0.2':
    optional: true

  '@typescript/typescript-linux-ppc64@7.0.2':
    optional: true

  '@typescript/typescript-linux-riscv64@7.0.2':
    optional: true

  '@typescript/typescript-linux-s390x@7.0.2':
    optional: true

  '@typescript/typescript-linux-x64@7.0.2':
    optional: true

  '@typescript/typescript-netbsd-arm64@7.0.2':
    optional: true

  '@typescript/typescript-netbsd-x64@7.0.2':
    optional: true

  '@typescript/typescript-openbsd-arm64@7.0.2':
    optional: true

  '@typescript/typescript-openbsd-x64@7.0.2':
    optional: true

  '@typescript/typescript-sunos-x64@7.0.2':
    optional: true

  '@typescript/typescript-win32-arm64@7.0.2':
    optional: true

  '@typescript/typescript-win32-x64@7.0.2':
    optional: true

  fd-package-json@2.0.0:
    dependencies:
      walk-up-path: 4.0.0

  fdir@6.5.0(picomatch@4.0.7):
    optionalDependencies:
      picomatch: 4.0.7

  formatly@0.7.0:
    dependencies:
      fd-package-json: 2.0.0
      package-manager-detector: 1.8.0

  get-tsconfig@4.14.3:
    dependencies:
      resolve-pkg-maps: 1.0.0

  jiti@2.7.0: {}

  knip@6.38.0:
    dependencies:
      fdir: 6.5.0(picomatch@4.0.7)
      formatly: 0.7.0
      get-tsconfig: 4.14.3
      jiti: 2.7.0
      oxc-parser: 0.150.0
      oxc-resolver: 11.24.2
      picomatch: 4.0.7
      smol-toml: 1.8.0
      strip-json-comments: 5.0.3
      tinyglobby: 0.2.17
      unbash: 4.0.11
      yaml: 2.9.1
      zod: 4.6.5

  lefthook-darwin-arm64@2.1.14:
    optional: true

  lefthook-darwin-x64@2.1.14:
    optional: true

  lefthook-freebsd-arm64@2.1.14:
    optional: true

  lefthook-freebsd-x64@2.1.14:
    optional: true

  lefthook-linux-arm64@2.1.14:
    optional: true

  lefthook-linux-x64@2.1.14:
    optional: true

  lefthook-openbsd-arm64@2.1.14:
    optional: true

  lefthook-openbsd-x64@2.1.14:
    optional: true

  lefthook-windows-arm64@2.1.14:
    optional: true

  lefthook-windows-x64@2.1.14:
    optional: true

  lefthook@2.1.14:
    optionalDependencies:
      lefthook-darwin-arm64: 2.1.14
      lefthook-darwin-x64: 2.1.14
      lefthook-freebsd-arm64: 2.1.14
      lefthook-freebsd-x64: 2.1.14
      lefthook-linux-arm64: 2.1.14
      lefthook-linux-x64: 2.1.14
      lefthook-openbsd-arm64: 2.1.14
      lefthook-openbsd-x64: 2.1.14
      lefthook-windows-arm64: 2.1.14
      lefthook-windows-x64: 2.1.14

  oxc-parser@0.150.0:
    dependencies:
      '@oxc-project/types': 0.150.0
    optionalDependencies:
      '@oxc-parser/binding-android-arm-eabi': 0.150.0
      '@oxc-parser/binding-android-arm64': 0.150.0
      '@oxc-parser/binding-darwin-arm64': 0.150.0
      '@oxc-parser/binding-darwin-x64': 0.150.0
      '@oxc-parser/binding-freebsd-x64': 0.150.0
      '@oxc-parser/binding-linux-arm-gnueabihf': 0.150.0
      '@oxc-parser/binding-linux-arm-musleabihf': 0.150.0
      '@oxc-parser/binding-linux-arm64-gnu': 0.150.0
      '@oxc-parser/binding-linux-arm64-musl': 0.150.0
      '@oxc-parser/binding-linux-ppc64-gnu': 0.150.0
      '@oxc-parser/binding-linux-riscv64-gnu': 0.150.0
      '@oxc-parser/binding-linux-riscv64-musl': 0.150.0
      '@oxc-parser/binding-linux-s390x-gnu': 0.150.0
      '@oxc-parser/binding-linux-x64-gnu': 0.150.0
      '@oxc-parser/binding-linux-x64-musl': 0.150.0
      '@oxc-parser/binding-openharmony-arm64': 0.150.0
      '@oxc-parser/binding-win32-arm64-msvc': 0.150.0
      '@oxc-parser/binding-win32-ia32-msvc': 0.150.0
      '@oxc-parser/binding-win32-x64-msvc': 0.150.0

  oxc-resolver@11.24.2:
    optionalDependencies:
      '@oxc-resolver/binding-android-arm-eabi': 11.24.2
      '@oxc-resolver/binding-android-arm64': 11.24.2
      '@oxc-resolver/binding-darwin-arm64': 11.24.2
      '@oxc-resolver/binding-darwin-x64': 11.24.2
      '@oxc-resolver/binding-freebsd-x64': 11.24.2
      '@oxc-resolver/binding-linux-arm-gnueabihf': 11.24.2
      '@oxc-resolver/binding-linux-arm-musleabihf': 11.24.2
      '@oxc-resolver/binding-linux-arm64-gnu': 11.24.2
      '@oxc-resolver/binding-linux-arm64-musl': 11.24.2
      '@oxc-resolver/binding-linux-ppc64-gnu': 11.24.2
      '@oxc-resolver/binding-linux-riscv64-gnu': 11.24.2
      '@oxc-resolver/binding-linux-riscv64-musl': 11.24.2
      '@oxc-resolver/binding-linux-s390x-gnu': 11.24.2
      '@oxc-resolver/binding-linux-x64-gnu': 11.24.2
      '@oxc-resolver/binding-linux-x64-musl': 11.24.2
      '@oxc-resolver/binding-openharmony-arm64': 11.24.2
      '@oxc-resolver/binding-wasm32-wasi': 11.24.2
      '@oxc-resolver/binding-win32-arm64-msvc': 11.24.2
      '@oxc-resolver/binding-win32-x64-msvc': 11.24.2

  oxfmt@0.71.0:
    dependencies:
      tinypool: 2.2.0
    optionalDependencies:
      '@oxfmt/binding-android-arm-eabi': 0.71.0
      '@oxfmt/binding-android-arm64': 0.71.0
      '@oxfmt/binding-darwin-arm64': 0.71.0
      '@oxfmt/binding-darwin-x64': 0.71.0
      '@oxfmt/binding-freebsd-x64': 0.71.0
      '@oxfmt/binding-linux-arm-gnueabihf': 0.71.0
      '@oxfmt/binding-linux-arm-musleabihf': 0.71.0
      '@oxfmt/binding-linux-arm64-gnu': 0.71.0
      '@oxfmt/binding-linux-arm64-musl': 0.71.0
      '@oxfmt/binding-linux-ppc64-gnu': 0.71.0
      '@oxfmt/binding-linux-riscv64-gnu': 0.71.0
      '@oxfmt/binding-linux-riscv64-musl': 0.71.0
      '@oxfmt/binding-linux-s390x-gnu': 0.71.0
      '@oxfmt/binding-linux-x64-gnu': 0.71.0
      '@oxfmt/binding-linux-x64-musl': 0.71.0
      '@oxfmt/binding-openharmony-arm64': 0.71.0
      '@oxfmt/binding-win32-arm64-msvc': 0.71.0
      '@oxfmt/binding-win32-ia32-msvc': 0.71.0
      '@oxfmt/binding-win32-x64-msvc': 0.71.0

  oxlint-tsgolint@7.0.2003:
    optionalDependencies:
      '@oxlint-tsgolint/darwin-arm64': 7.0.2003
      '@oxlint-tsgolint/darwin-x64': 7.0.2003
      '@oxlint-tsgolint/linux-arm64': 7.0.2003
      '@oxlint-tsgolint/linux-x64': 7.0.2003
      '@oxlint-tsgolint/win32-arm64': 7.0.2003
      '@oxlint-tsgolint/win32-x64': 7.0.2003

  oxlint@1.86.0(oxlint-tsgolint@7.0.2003):
    optionalDependencies:
      '@oxlint/binding-android-arm-eabi': 1.86.0
      '@oxlint/binding-android-arm64': 1.86.0
      '@oxlint/binding-darwin-arm64': 1.86.0
      '@oxlint/binding-darwin-x64': 1.86.0
      '@oxlint/binding-freebsd-x64': 1.86.0
      '@oxlint/binding-linux-arm-gnueabihf': 1.86.0
      '@oxlint/binding-linux-arm-musleabihf': 1.86.0
      '@oxlint/binding-linux-arm64-gnu': 1.86.0
      '@oxlint/binding-linux-arm64-musl': 1.86.0
      '@oxlint/binding-linux-ppc64-gnu': 1.86.0
      '@oxlint/binding-linux-riscv64-gnu': 1.86.0
      '@oxlint/binding-linux-riscv64-musl': 1.86.0
      '@oxlint/binding-linux-s390x-gnu': 1.86.0
      '@oxlint/binding-linux-x64-gnu': 1.86.0
      '@oxlint/binding-linux-x64-musl': 1.86.0
      '@oxlint/binding-openharmony-arm64': 1.86.0
      '@oxlint/binding-win32-arm64-msvc': 1.86.0
      '@oxlint/binding-win32-ia32-msvc': 1.86.0
      '@oxlint/binding-win32-x64-msvc': 1.86.0
      oxlint-tsgolint: 7.0.2003

  package-manager-detector@1.8.0: {}

  picomatch@4.0.7: {}

  resolve-pkg-maps@1.0.0: {}

  smol-toml@1.8.0: {}

  strip-json-comments@5.0.3: {}

  tinyglobby@0.2.17:
    dependencies:
      fdir: 6.5.0(picomatch@4.0.7)
      picomatch: 4.0.7

  tinypool@2.2.0: {}

  tslib@2.8.1:
    optional: true

  typescript@7.0.2:
    optionalDependencies:
      '@typescript/typescript-aix-ppc64': 7.0.2
      '@typescript/typescript-darwin-arm64': 7.0.2
      '@typescript/typescript-darwin-x64': 7.0.2
      '@typescript/typescript-freebsd-arm64': 7.0.2
      '@typescript/typescript-freebsd-x64': 7.0.2
      '@typescript/typescript-linux-arm': 7.0.2
      '@typescript/typescript-linux-arm64': 7.0.2
      '@typescript/typescript-linux-loong64': 7.0.2
      '@typescript/typescript-linux-mips64el': 7.0.2
      '@typescript/typescript-linux-ppc64': 7.0.2
      '@typescript/typescript-linux-riscv64': 7.0.2
      '@typescript/typescript-linux-s390x': 7.0.2
      '@typescript/typescript-linux-x64': 7.0.2
      '@typescript/typescript-netbsd-arm64': 7.0.2
      '@typescript/typescript-netbsd-x64': 7.0.2
      '@typescript/typescript-openbsd-arm64': 7.0.2
      '@typescript/typescript-openbsd-x64': 7.0.2
      '@typescript/typescript-sunos-x64': 7.0.2
      '@typescript/typescript-win32-arm64': 7.0.2
      '@typescript/typescript-win32-x64': 7.0.2

  unbash@4.0.11: {}

  undici-types@6.21.0: {}

  walk-up-path@4.0.0: {}

  yaml@2.9.1: {}

  zod@4.6.5: {}
