lockfileVersion: '9.0'

settings:
  autoInstallPeers: true
  excludeLinksFromLockfile: false

importers:

  .:
    devDependencies:
      '@nihalgonsalves/esconfig':
        specifier: ^0.17.4
        version: 0.17.4(oxlint-tsgolint@0.23.0)(oxlint@1.68.0(oxlint-tsgolint@0.23.0))(typescript@6.0.3)
      '@types/node':
        specifier: ^22
        version: 22.19.19
      knip:
        specifier: ^6.15.0
        version: 6.15.0
      lefthook:
        specifier: ^2.1.9
        version: 2.1.9
      oxfmt:
        specifier: ^0.53.0
        version: 0.53.0
      oxlint:
        specifier: ^1.68.0
        version: 1.68.0(oxlint-tsgolint@0.23.0)
      oxlint-tsgolint:
        specifier: ^0.23.0
        version: 0.23.0
      typescript:
        specifier: ^6.0.3
        version: 6.0.3
      zod:
        specifier: ^4.4.3
        version: 4.4.3

packages:

  '@emnapi/core@1.10.0':
    resolution: {integrity: sha512-yq6OkJ4p82CAfPl0u9mQebQHKPJkY7WrIuk205cTYnYe+k2Z8YBh11FrbRG/H6ihirqcacOgl2BIO8oyMQLeXw==}

  '@emnapi/runtime@1.10.0':
    resolution: {integrity: sha512-ewvYlk86xUoGI0zQRNq/mC+16R1QeDlKQy21Ki3oSYXNgLb45GV1P6A0M+/s6nyCuNDqe5VpaY84BzXGwVbwFA==}

  '@emnapi/wasi-threads@1.2.1':
    resolution: {integrity: sha512-uTII7OYF+/Mes/MrcIOYp5yOtSMLBWSIoLPpcgwipoiKbli6k322tcoFsxoIIxPDqW01SQGAgko4EzZi2BNv2w==}

  '@napi-rs/wasm-runtime@1.1.4':
    resolution: {integrity: sha512-3NQNNgA1YSlJb/kMH1ildASP9HW7/7kYnRI2szWJaofaS1hWmbGI4H+d3+22aGzXXN9IJ+n+GiFVcGipJP18ow==}
    peerDependencies:
      '@emnapi/core': ^1.7.1
      '@emnapi/runtime': ^1.7.1

  '@nihalgonsalves/esconfig@0.17.4':
    resolution: {integrity: sha512-MQnOZMRTxvopS+S2qoeCRNSoZ3btXCF1lWmZF8J7bPgzxTE0AIdIwJ2cfY7FHI0NGv2goV/oh3CPnY1Smr4JOA==}
    peerDependencies:
      eslint-plugin-jest-dom: ^5.5.0
      eslint-plugin-react-hooks: ^7.0.1
      eslint-plugin-storybook: ^10.2.16
      eslint-plugin-testing-library: ^7.16.0
      oxlint: ^1.67.0
      oxlint-tsgolint: ^0.23.0
      typescript: ^6.0.3
    peerDependenciesMeta:
      eslint-plugin-jest-dom:
        optional: true
      eslint-plugin-react-hooks:
        optional: true
      eslint-plugin-storybook:
        optional: true
      eslint-plugin-testing-library:
        optional: true

  '@oxc-parser/binding-android-arm-eabi@0.133.0':
    resolution: {integrity: sha512-l/44caGse+VpnY9gx0yvvc5QnnG3yG1FO3KZgYvNL1GZrfK86zIwAOgGEVlxDyRymzrU/KHiblPFpevKOmJmUA==}
    engines: {node: ^20.19.0 || >=22.12.0}
    cpu: [arm]
    os: [android]

  '@oxc-parser/binding-android-arm64@0.133.0':
    resolution: {integrity: sha512-KUHmPMziLBp4u+zbrLdB7iWS7KshuZe+RAp7ELnY9SI9nNXBZ+dp8fiBqWOxhXqn+FQg3a4UcQhwmsJOKV8Jjg==}
    engines: {node: ^20.19.0 || >=22.12.0}
    cpu: [arm64]
    os: [android]

  '@oxc-parser/binding-darwin-arm64@0.133.0':
    resolution: {integrity: sha512-q8dWmnU/8ea2tga9w2f1PinQ5rcMPDUGkF64T189b65YMjUomET4oy5oRldOr4AwOQkneOG/Zttnz1Dvrc62wg==}
    engines: {node: ^20.19.0 || >=22.12.0}
    cpu: [arm64]
    os: [darwin]

  '@oxc-parser/binding-darwin-x64@0.133.0':
    resolution: {integrity: sha512-cOKeIELIB2bJnCKwqx4Rdj+1Lss/U6uCbLxRySZrhyOOQa1flKhwZFjEHRHxk8fU1NKmhK5OnTdPQ4CpjuFuVw==}
    engines: {node: ^20.19.0 || >=22.12.0}
    cpu: [x64]
    os: [darwin]

  '@oxc-parser/binding-freebsd-x64@0.133.0':
    resolution: {integrity: sha512-OpaSv4pW3KgFrMYQxTaS0aOE4T1DQF3qZE/4B6uqqv1KgPWWd4UQhJALi8PJPX1RRV5K7ThKXRfF7qGg2+3l1A==}
    engines: {node: ^20.19.0 || >=22.12.0}
    cpu: [x64]
    os: [freebsd]

  '@oxc-parser/binding-linux-arm-gnueabihf@0.133.0':
    resolution: {integrity: sha512-JGK1wlGrGwxBIlVSF7KWTX1/ru6BEtf28fRROztDRkLfiW+Kxa4onnriezMIiogfn9hVw2KzYcKiLjkLR2ns8A==}
    engines: {node: ^20.19.0 || >=22.12.0}
    cpu: [arm]
    os: [linux]

  '@oxc-parser/binding-linux-arm-musleabihf@0.133.0':
    resolution: {integrity: sha512-yuZO533Ftonxn/iyoqQzURzLQHMspvsIyfiCSNi1t/ER4eIQaR0SsmUOUm5b/lmSig7IWIUa5/BrbEkAPwcilQ==}
    engines: {node: ^20.19.0 || >=22.12.0}
    cpu: [arm]
    os: [linux]

  '@oxc-parser/binding-linux-arm64-gnu@0.133.0':
    resolution: {integrity: sha512-hvpbqT5pN2rR+3+xtWeizwfR/aZ0vGceg6TqYMl+ToxMpk9/tmnX7kSvQnfEUkoua8mhogzvIKsAkn0wxgblBA==}
    engines: {node: ^20.19.0 || >=22.12.0}
    cpu: [arm64]
    os: [linux]
    libc: [glibc]

  '@oxc-parser/binding-linux-arm64-musl@0.133.0':
    resolution: {integrity: sha512-wJQGamIosQBoJHW9+S5XxrtKRo3eyJxsnS1XCPrqN0LHi8uw1pTqqTfn3t/NVuvbBg7Pumn4ez9Eidgcn0xbEg==}
    engines: {node: ^20.19.0 || >=22.12.0}
    cpu: [arm64]
    os: [linux]
    libc: [musl]

  '@oxc-parser/binding-linux-ppc64-gnu@0.133.0':
    resolution: {integrity: sha512-Koaz32/O5+abIfrNGdyndgRvdOZ9jEf5/z3Ep9h3h2QWpdDiUQpVwgH0OcMXCs+l9aXxPLtkupqyVig9W6FDKw==}
    engines: {node: ^20.19.0 || >=22.12.0}
    cpu: [ppc64]
    os: [linux]
    libc: [glibc]

  '@oxc-parser/binding-linux-riscv64-gnu@0.133.0':
    resolution: {integrity: sha512-R4vOjWzxhnNWHnVLeiB6jNuIifdy9vcMXZGPc7StXcxBovI+U2zg1QhZ9o8OjV80oGivs1lX5NfPLzk4IPqlRA==}
    engines: {node: ^20.19.0 || >=22.12.0}
    cpu: [riscv64]
    os: [linux]
    libc: [glibc]

  '@oxc-parser/binding-linux-riscv64-musl@0.133.0':
    resolution: {integrity: sha512-iwgBNUTHiMdxARLYuM0SBlnYeb19iw1Ea5M+4ERZupCsBMLArti6FyZ6UfFjJxIiTDr2oW2DGQFxlQVQ/dW9rA==}
    engines: {node: ^20.19.0 || >=22.12.0}
    cpu: [riscv64]
    os: [linux]
    libc: [musl]

  '@oxc-parser/binding-linux-s390x-gnu@0.133.0':
    resolution: {integrity: sha512-ZwZNo8FZmB/gVfboQl+wXilBigGl+6nQQs+nITOeAP/HcAOjiHl6XZJL9F/KXNEspODQcbjAiyjUbeCJd9a0fA==}
    engines: {node: ^20.19.0 || >=22.12.0}
    cpu: [s390x]
    os: [linux]
    libc: [glibc]

  '@oxc-parser/binding-linux-x64-gnu@0.133.0':
    resolution: {integrity: sha512-govCvWx1dBlED3uu4qXctxpRcouu9I8Kn+DBktGCl760JtlGJzc9l/OmPJKlYWSbrRqKkMZehNeZ/4Wfma7uSA==}
    engines: {node: ^20.19.0 || >=22.12.0}
    cpu: [x64]
    os: [linux]
    libc: [glibc]

  '@oxc-parser/binding-linux-x64-musl@0.133.0':
    resolution: {integrity: sha512-ssTlpXD5Mq9uCssDJPzlRWqBt4Y7Zzd9i+XZhWmK/9Y6KUIuAxVYTYiI8lxcGWi0+3/Cz4A8q9UrD4NK9Y2j7g==}
    engines: {node: ^20.19.0 || >=22.12.0}
    cpu: [x64]
    os: [linux]
    libc: [musl]

  '@oxc-parser/binding-openharmony-arm64@0.133.0':
    resolution: {integrity: sha512-51aByfXhPtLEdWG4a2Ihdw6cPWV1ei1AarALpFdDP8MLWDLE2NuUMgbo3DERR2Kt8fT/ok1GUvBiLxVGke9uUQ==}
    engines: {node: ^20.19.0 || >=22.12.0}
    cpu: [arm64]
    os: [openharmony]

  '@oxc-parser/binding-wasm32-wasi@0.133.0':
    resolution: {integrity: sha512-2e16tkKp+wDO2GTAmXfxbBcCmGEaFPIJEIRBBmVKNVXSc8/fJsSIaBGyFTPHM9ST5GNWgJcYIt94rDTks+PLwA==}
    engines: {node: ^20.19.0 || >=22.12.0}
    cpu: [wasm32]

  '@oxc-parser/binding-win32-arm64-msvc@0.133.0':
    resolution: {integrity: sha512-KPTNDKbxH1cglrqTyVeXHb4Pk4oksz8EcE1/v8zqU7N4UXbiHfA/IwtXZ2U77fnRAWBbgVkl/lZbL7o3hRdejg==}
    engines: {node: ^20.19.0 || >=22.12.0}
    cpu: [arm64]
    os: [win32]

  '@oxc-parser/binding-win32-ia32-msvc@0.133.0':
    resolution: {integrity: sha512-Una1bNYv9zCavQrfnDR9wuZVB3itLjCEH4Oz7i6CwAJN/Xq9b+zbbcxmvdkKvvJt4Ngc/MBmIYlbLo3zS4TQ0A==}
    engines: {node: ^20.19.0 || >=22.12.0}
    cpu: [ia32]
    os: [win32]

  '@oxc-parser/binding-win32-x64-msvc@0.133.0':
    resolution: {integrity: sha512-kjBhCiOGSYTwDJQuuZa7a94JbP8htWu7J0X1KwH74kV2K5eYf6eyJRYmkpCDvr0XEL8tMxYI4WU1VekblFCLgg==}
    engines: {node: ^20.19.0 || >=22.12.0}
    cpu: [x64]
    os: [win32]

  '@oxc-project/types@0.133.0':
    resolution: {integrity: sha512-KzkdCd6Uxqnf6l3HOw1xfatAlUURA0g14cvBYFyJ5SaNOQbOUvBr9PKArcPcrNIeRsBdgcUzOGrhKveVpvOIGA==}

  '@oxc-resolver/binding-android-arm-eabi@11.20.0':
    resolution: {integrity: sha512-IjfWOXRgJFNdORDl+Uf1aibNgZY2guOD3zmOhx1BGVb/MIiqlFTdmjpQNplSN58lhWehnX4UNqC3QwpUo8pjJg==}
    cpu: [arm]
    os: [android]

  '@oxc-resolver/binding-android-arm64@11.20.0':
    resolution: {integrity: sha512-QqslZAuFQG8Q9xm7JuIn8JUbvywhSBMVhuQHtYW+auirZJloS41oxUUaBXk7uUhZJgp44c5zQLeVvmFaDQB+2Q==}
    cpu: [arm64]
    os: [android]

  '@oxc-resolver/binding-darwin-arm64@11.20.0':
    resolution: {integrity: sha512-MUcavykj2ewlR+kc5arpg4tC2RvzJkUxWtNv74pf7lcNk00GpIpN43vXMj+j6r4eMmfZhlb8hueKoIb8e9kAGQ==}
    cpu: [arm64]
    os: [darwin]

  '@oxc-resolver/binding-darwin-x64@11.20.0':
    resolution: {integrity: sha512-BGB16nRUK5Etiv//ihPyzj8Lj1px0mhh4YIfe0FDf045ywknfSm0GEbiRESpr6Q4K82AvnyaRIhhluHByvS4bg==}
    cpu: [x64]
    os: [darwin]

  '@oxc-resolver/binding-freebsd-x64@11.20.0':
    resolution: {integrity: sha512-JZgtePaqj3qmD5XFHJaSLWzHRxQu0LaPkdoM1KJXYADvAaa83ijXHclV3ej3CueeW0wxfIAbGCZVP45J0CA7uQ==}
    cpu: [x64]
    os: [freebsd]

  '@oxc-resolver/binding-linux-arm-gnueabihf@11.20.0':
    resolution: {integrity: sha512-hOQ/p3ry3v3SchUBXicrrnszaI/UmYzM4wtS4RGfwgVUX7a+HbyQSzJ5aOzu+o6XZkFkS3ZXN4PZAzhOb77OSg==}
    cpu: [arm]
    os: [linux]

  '@oxc-resolver/binding-linux-arm-musleabihf@11.20.0':
    resolution: {integrity: sha512-2ArPksaw0AqeuGBfoS715VF+JvJQAhD2niWgjE5hVO+L+nAfikVQopvngCMX9x4BD8itWoQ3dnikrQyl5Ho5Jg==}
    cpu: [arm]
    os: [linux]

  '@oxc-resolver/binding-linux-arm64-gnu@11.20.0':
    resolution: {integrity: sha512-0bJnmYFp62JdZ4nVMDUZ/C58BCZOCcqgKtnUlp7L9Ojf/czIN+3j72YlLPeWLkzlr6SlYvIQA4SGV/HyO0d+qg==}
    cpu: [arm64]
    os: [linux]
    libc: [glibc]

  '@oxc-resolver/binding-linux-arm64-musl@11.20.0':
    resolution: {integrity: sha512-wKHHzPKZo7Ufhv/Bt6yxT7FOgnIgW4gwXcJUipkShGp68W3wGVqvr1Sr0fY65lN0Oy6y41+g2kIDvkgZaMMUkw==}
    cpu: [arm64]
    os: [linux]
    libc: [musl]

  '@oxc-resolver/binding-linux-ppc64-gnu@11.20.0':
    resolution: {integrity: sha512-RN8goF7Ie0B79L4i4G6OeBocTgSC56vJbQ65VJje+oXnldVpLnOU7j/AQ/dP94TcCS+Yh6WG8u3Qt4ETteXFNQ==}
    cpu: [ppc64]
    os: [linux]
    libc: [glibc]

  '@oxc-resolver/binding-linux-riscv64-gnu@11.20.0':
    resolution: {integrity: sha512-5l1yU6/xQEqLZRzxqmMxJfWPslpwCmBsdDGaBvABPehxquCXDC7dd7oraNdKSJUMDXSM7VvVj8H2D2FTjU7oWw==}
    cpu: [riscv64]
    os: [linux]
    libc: [glibc]

  '@oxc-resolver/binding-linux-riscv64-musl@11.20.0':
    resolution: {integrity: sha512-xHEvkbgz6UC+A3JOyDQy76LkUaxsNSfIr3/GV8slwZsnuooJiIB34gzJfsyvR4JdCYNUUPsRJc/w/oWkODu+hg==}
    cpu: [riscv64]
    os: [linux]
    libc: [musl]

  '@oxc-resolver/binding-linux-s390x-gnu@11.20.0':
    resolution: {integrity: sha512-aWPDUUmSeyHvlW+SoEUd+JIJsQhVhu6a5tBpDRMu058naPAchTgAVGCFy35zjbnFlt0i8hLWziff6HX0D3LU4g==}
    cpu: [s390x]
    os: [linux]
    libc: [glibc]

  '@oxc-resolver/binding-linux-x64-gnu@11.20.0':
    resolution: {integrity: sha512-x2YeSimvhJjKLVD8KSu8f/rqU1potcdEMkApIPJqjZWN7c2Fpt4g2X32WDg1p+XDAmyT7nuQGe0vnhvXeLbH+g==}
    cpu: [x64]
    os: [linux]
    libc: [glibc]

  '@oxc-resolver/binding-linux-x64-musl@11.20.0':
    resolution: {integrity: sha512-kcRLEIxpZefeYfLChjpgFf3ilBzRDZ+yobMrpRsQlSrxuFGtm3U6PMU7AaEpMqo3NfDGVyJJseAjnRLzMFHjwQ==}
    cpu: [x64]
    os: [linux]
    libc: [musl]

  '@oxc-resolver/binding-openharmony-arm64@11.20.0':
    resolution: {integrity: sha512-HHcfnApSZGtKhTiHqe8OZruOZe5XuFQH5/E0Yhj3u8fnFvzkM4/k6WjacUf4SvA0SPEAbfbgYmVPuo0VX/fIBQ==}
    cpu: [arm64]
    os: [openharmony]

  '@oxc-resolver/binding-wasm32-wasi@11.20.0':
    resolution: {integrity: sha512-Tn0y1XOFYHNfK1wp1Z5QK8Rcld/bsOwRISQXfqAZ5IBpv8Gz1IvV39fUWNprqNdRizgcvFhOzWwFun2zkJsyBg==}
    engines: {node: '>=14.0.0'}
    cpu: [wasm32]

  '@oxc-resolver/binding-win32-arm64-msvc@11.20.0':
    resolution: {integrity: sha512-qPi25YNPe4YenS8MgsQU2+bIFHxxpLx1LVna2444cEHqNPhNjvWf9zqj4aWE43H9LpAsTmkkAlA3eL5ElBU3mA==}
    cpu: [arm64]
    os: [win32]

  '@oxc-resolver/binding-win32-x64-msvc@11.20.0':
    resolution: {integrity: sha512-Wb14jWEW8huH6It9F6sXd9vrYmIS7pMrgkU6sxpLxkP+9z+wRgs71hUEhRpcn8FOXAFa27FVWfY2tRpbfTzfLw==}
    cpu: [x64]
    os: [win32]

  '@oxfmt/binding-android-arm-eabi@0.53.0':
    resolution: {integrity: sha512-XfVM8AmIovBTKXCt14Op5wbfcoM8418nttd+nhMgM3RAVaJg1MtJc73FyWfUt0oxLyBGVwfniNVUsbV/b3VmPg==}
    engines: {node: ^20.19.0 || >=22.12.0}
    cpu: [arm]
    os: [android]

  '@oxfmt/binding-android-arm64@0.53.0':
    resolution: {integrity: sha512-btHDfXckwdf9zgyAVznfZkf+GVyB0I1m1hlvaOMRx2xoyz3hphfPX97s89J3wfCN8QBETLtk4lQUaeOkrMuQOg==}
    engines: {node: ^20.19.0 || >=22.12.0}
    cpu: [arm64]
    os: [android]

  '@oxfmt/binding-darwin-arm64@0.53.0':
    resolution: {integrity: sha512-k2RjMcSTkHjoOlsVGbL35JVzXL+oQco3GHPl/5kjebVF4oHNfE24In8F5isqBh9LBJucycWHKDXdGrCchdWcHQ==}
    engines: {node: ^20.19.0 || >=22.12.0}
    cpu: [arm64]
    os: [darwin]

  '@oxfmt/binding-darwin-x64@0.53.0':
    resolution: {integrity: sha512-65jIBE2H1l5SSs16fmv6/7b6sAx/WpvnsgDhVWK9qSjNFDUro7MPQ6q5UhpY7kl46yltfR046iAnxy/Bzqbiew==}
    engines: {node: ^20.19.0 || >=22.12.0}
    cpu: [x64]
    os: [darwin]

  '@oxfmt/binding-freebsd-x64@0.53.0':
    resolution: {integrity: sha512-oYe1gkz7U49PCYrS9147d2fJZj8mDI4Di6AvlsU5fu9p+Tq8S7qqOMSZjUiVTLX8bXuSA9Lk/tIxuegVjkNYRA==}
    engines: {node: ^20.19.0 || >=22.12.0}
    cpu: [x64]
    os: [freebsd]

  '@oxfmt/binding-linux-arm-gnueabihf@0.53.0':
    resolution: {integrity: sha512-ailB2vLzGi629tymdAb2VYJyEHref7oqGxP+tRBrtRBxQrb6NV55JMT7xtGZ8uTeG2+Y9zojqW4LhJYxQnz9Pg==}
    engines: {node: ^20.19.0 || >=22.12.0}
    cpu: [arm]
    os: [linux]

  '@oxfmt/binding-linux-arm-musleabihf@0.53.0':
    resolution: {integrity: sha512-abh4mWBvOvD966sobqF7r103y2yYx7Rb4WGHLOS4+5igGqLbbPxS9aK5+45D6iUY7dWMsk3Muz9a8gUtufvqJA==}
    engines: {node: ^20.19.0 || >=22.12.0}
    cpu: [arm]
    os: [linux]

  '@oxfmt/binding-linux-arm64-gnu@0.53.0':
    resolution: {integrity: sha512-z73PvuhJ8qA+cDbaiqbtopHglA91U4+y5wn2sTJJrnpB957d5P33FEuyP3DQIFd7ofljmDmfVT4G0CVGHZaJWg==}
    engines: {node: ^20.19.0 || >=22.12.0}
    cpu: [arm64]
    os: [linux]
    libc: [glibc]

  '@oxfmt/binding-linux-arm64-musl@0.53.0':
    resolution: {integrity: sha512-I6bhOTroqc3ThrwZ89l2k3ivKuELhdPLbAcJhRNyjWvlgwb0vjRgEnVL1XLx5Jud04/ypNRZBykAWrSk6l/D+g==}
    engines: {node: ^20.19.0 || >=22.12.0}
    cpu: [arm64]
    os: [linux]
    libc: [musl]

  '@oxfmt/binding-linux-ppc64-gnu@0.53.0':
    resolution: {integrity: sha512-w0p3JzB/PkkQjXALMJMqP9YfP3yq4w6zGsu5kezQmUnxRkN3b/Theg2l/nDgBsOcczxS3gL6Gam5XNAVrO6QJQ==}
    engines: {node: ^20.19.0 || >=22.12.0}
    cpu: [ppc64]
    os: [linux]
    libc: [glibc]

  '@oxfmt/binding-linux-riscv64-gnu@0.53.0':
    resolution: {integrity: sha512-mzBhF6k1Yq1K/dqDmVe/AAafnlJfEpx7yfUiksyeWXJk5iSzZqBSxcsa02zIytYgQFRZ7h6WPZfwHg/DoOE1Kw==}
    engines: {node: ^20.19.0 || >=22.12.0}
    cpu: [riscv64]
    os: [linux]
    libc: [glibc]

  '@oxfmt/binding-linux-riscv64-musl@0.53.0':
    resolution: {integrity: sha512-AlFCpnRQhogQFzZXWbO6xB6/Udy745L+eQNmDPGg7G/OeWsYmJc4jZYfUN5pQg0reOPWSED2mOQqKZOJM1U8cA==}
    engines: {node: ^20.19.0 || >=22.12.0}
    cpu: [riscv64]
    os: [linux]
    libc: [musl]

  '@oxfmt/binding-linux-s390x-gnu@0.53.0':
    resolution: {integrity: sha512-XD4ulY4f1DWbuuZXAqxhVn+gdPmrhnmojWtFN78ctVoupmS845fGhsUrk1HZXKQI+iymbaiz9vAjPsghHNQ7Ag==}
    engines: {node: ^20.19.0 || >=22.12.0}
    cpu: [s390x]
    os: [linux]
    libc: [glibc]

  '@oxfmt/binding-linux-x64-gnu@0.53.0':
    resolution: {integrity: sha512-xg8KWX0QnxmYWRe60CgHYWXI0ZOtBbqTsXvWiWrcl2XUHJ3fht2QerOk2iWvylzX3zNT2GpvBRxGoR4d3sxPRQ==}
    engines: {node: ^20.19.0 || >=22.12.0}
    cpu: [x64]
    os: [linux]
    libc: [glibc]

  '@oxfmt/binding-linux-x64-musl@0.53.0':
    resolution: {integrity: sha512-MWExpYBGvl+pIvVB/gj/CcWlN2al8AizT7rUbtaYaWNoQkhWARM6W3qpgoCr72CYSN9PborzPmM5MIRe2BrNdA==}
    engines: {node: ^20.19.0 || >=22.12.0}
    cpu: [x64]
    os: [linux]
    libc: [musl]

  '@oxfmt/binding-openharmony-arm64@0.53.0':
    resolution: {integrity: sha512-u4sajgO4nxgmJIgc/y2AqPhkdbOkQH8WugXpA1+pW0ESQhvGZ1oGq61Q4xMbJHJU1hFgtO18QNrcFYDPYH0gwQ==}
    engines: {node: ^20.19.0 || >=22.12.0}
    cpu: [arm64]
    os: [openharmony]

  '@oxfmt/binding-win32-arm64-msvc@0.53.0':
    resolution: {integrity: sha512-Yq9sOZoIOJ5xPjO0qOyHJS4CiPuTkB2en9auxZz7Ar2p5RaC7BzLyVVmAA7zz9/L9YnjjY1DwNxN+ivKXimN/A==}
    engines: {node: ^20.19.0 || >=22.12.0}
    cpu: [arm64]
    os: [win32]

  '@oxfmt/binding-win32-ia32-msvc@0.53.0':
    resolution: {integrity: sha512-es1fVNZEkBqEcQtBpn19SYFgZF7FawlkCjkT/iImfEAus4gun8fBwB1E9hpV5LcR9B0DBNvRIXhW8BQk3JaE+Q==}
    engines: {node: ^20.19.0 || >=22.12.0}
    cpu: [ia32]
    os: [win32]

  '@oxfmt/binding-win32-x64-msvc@0.53.0':
    resolution: {integrity: sha512-QFmJs2bEu9AO4O6qsmEaZNGi6dFq8N+rT8EHAAnZIq/B9SeJDUbc4DzVxQ48MfDsL7D3sCZzo37zuTuspcURgg==}
    engines: {node: ^20.19.0 || >=22.12.0}
    cpu: [x64]
    os: [win32]

  '@oxlint-tsgolint/darwin-arm64@0.23.0':
    resolution: {integrity: sha512-gOs9PVr2wEg4ox9z0aJo+RKhhImW86YL5N6yav8BK/rgPsIrwN/igSZ+pbRr723NFvUNKde9fgMhRA6JrXAOZw==}
    cpu: [arm64]
    os: [darwin]

  '@oxlint-tsgolint/darwin-x64@0.23.0':
    resolution: {integrity: sha512-kjJ8B+7n4tB9VJdxS5A9GdJt6/bYpzbu4lXp2uO1S3sRmCB5gDEABlGoiePNApRWaW+xqL4b4xgiE727jSLhuA==}
    cpu: [x64]
    os: [darwin]

  '@oxlint-tsgolint/linux-arm64@0.23.0':
    resolution: {integrity: sha512-6dCZuKNu135seMXilkRk9SpCx6i1XgmiipYGalLij5WVRX6ZYS8c4xI7preN/zv9fCXhsQclTIMDu2Y/cytTjw==}
    cpu: [arm64]
    os: [linux]

  '@oxlint-tsgolint/linux-x64@0.23.0':
    resolution: {integrity: sha512-3bdilnyA7kmSTjK27rvjIjSxL5SIg3wt7vwNiRkouWB83ytssyKnuGvxSYJxgMEmFpSutzaBzcCUM2jDtPGcgA==}
    cpu: [x64]
    os: [linux]

  '@oxlint-tsgolint/win32-arm64@0.23.0':
    resolution: {integrity: sha512-j+OEp44SVYiQ+ZD+uttsX7u6L9SvmbbQ77SO1pSFCcJlsVMeCk8qZsjhKfGKuT/jIA+ipOJMVs/+pqUfObBWNw==}
    cpu: [arm64]
    os: [win32]

  '@oxlint-tsgolint/win32-x64@0.23.0':
    resolution: {integrity: sha512-5MyjFuqf+g8OUPJBSGWHJtmoWnzFJYyOg4To9WMQshZYEWig/vtu7JtJ03VWnzHv9LJkAUeApY0gVCOywFR/iQ==}
    cpu: [x64]
    os: [win32]

  '@oxlint/binding-android-arm-eabi@1.68.0':
    resolution: {integrity: sha512-wEdsIspexXLLMCPAEOcCuFLMt6aE3AzTuA/nQKLPRnoJ+EQTturmGheDkhHuuVHx0GbutjQ3JKmEn+Gz6Ag28Q==}
    engines: {node: ^20.19.0 || >=22.12.0}
    cpu: [arm]
    os: [android]

  '@oxlint/binding-android-arm64@1.68.0':
    resolution: {integrity: sha512-6aZRNNXQTsYtgaus8HTb9nuCcsrQTlKXGnktwvwW0n/SooRWNxNb3925grDkC63aEYZuCIyOVLV16IdYIoC2aQ==}
    engines: {node: ^20.19.0 || >=22.12.0}
    cpu: [arm64]
    os: [android]

  '@oxlint/binding-darwin-arm64@1.68.0':
    resolution: {integrity: sha512-lVTbsE3kO4bLpZELgjRZuAJc8kP98wb83yMXWH8gaPaFZ+cM2IDeZto4ByoUAYj0Mxv2rvw+A1ssZequSepVSg==}
    engines: {node: ^20.19.0 || >=22.12.0}
    cpu: [arm64]
    os: [darwin]

  '@oxlint/binding-darwin-x64@1.68.0':
    resolution: {integrity: sha512-nCmw2XrmQskjBUh/sfP5yKs93V68LijQgjd1cuuZ/q4SCARngLYs60/qqyzuMsg8QQ9KArDI98hxs/RDGE4KRQ==}
    engines: {node: ^20.19.0 || >=22.12.0}
    cpu: [x64]
    os: [darwin]

  '@oxlint/binding-freebsd-x64@1.68.0':
    resolution: {integrity: sha512-TI4ovQJliYE9V6e06cEv+qEI9uj7Ao65fmif4er4HD+aouyYyh0P31q2jh3KtqsOHHcQqv2PZ61TjJFLpBDGWQ==}
    engines: {node: ^20.19.0 || >=22.12.0}
    cpu: [x64]
    os: [freebsd]

  '@oxlint/binding-linux-arm-gnueabihf@1.68.0':
    resolution: {integrity: sha512-LcNnEi9g71Cmry5ZpLbKT+oVv+/zYG3hYVAbBBB5X85nOQZSk8l92CnDkxJMcxUg0NCnMCOFZuaVDlMyv4tYJw==}
    engines: {node: ^20.19.0 || >=22.12.0}
    cpu: [arm]
    os: [linux]

  '@oxlint/binding-linux-arm-musleabihf@1.68.0':
    resolution: {integrity: sha512-OovHahL3FX4UaK+hgSf11llUx2vszqjSdQQ61Ck9InOEI/ptZoC4XSQJurITqItVvd53JSlmkLMeaNjM1PoQew==}
    engines: {node: ^20.19.0 || >=22.12.0}
    cpu: [arm]
    os: [linux]

  '@oxlint/binding-linux-arm64-gnu@1.68.0':
    resolution: {integrity: sha512-YbzTglnHLzzi9zv5or8Ztz5fykAoZE8W9iM42/bOrF4HBSB6rJTqdLQWuoP76EHQw9DuKl76K1QmFlG29sPJXQ==}
    engines: {node: ^20.19.0 || >=22.12.0}
    cpu: [arm64]
    os: [linux]
    libc: [glibc]

  '@oxlint/binding-linux-arm64-musl@1.68.0':
    resolution: {integrity: sha512-qVKtCZNic+OoNnOr/hCQAu22HSQzflI7Fsq/Blzkw02SnLuv163k3kfmrVpZjSBlUHgsRKj6WgQiw30d3SX02Q==}
    engines: {node: ^20.19.0 || >=22.12.0}
    cpu: [arm64]
    os: [linux]
    libc: [musl]

  '@oxlint/binding-linux-ppc64-gnu@1.68.0':
    resolution: {integrity: sha512-zExyZ8ZOUuAyQ0y9jpTcyjKUz62YY9JhKPyVxzvjTpXzZ3ujdqiVwfPWDdnA1SsIOrxdtxHn7KErDHLWskFjXg==}
    engines: {node: ^20.19.0 || >=22.12.0}
    cpu: [ppc64]
    os: [linux]
    libc: [glibc]

  '@oxlint/binding-linux-riscv64-gnu@1.68.0':
    resolution: {integrity: sha512-6C4MPuwewyDavA7sxM14wzgRi5GGL68HPIxRCdVyS75U4MDbpFVYzKO9WNR6KLKTMPq2pcz3THwo1sK2uiqngw==}
    engines: {node: ^20.19.0 || >=22.12.0}
    cpu: [riscv64]
    os: [linux]
    libc: [glibc]

  '@oxlint/binding-linux-riscv64-musl@1.68.0':
    resolution: {integrity: sha512-bnZooVeHAcvA+dH0EDLgx+7HY/DRi6e0hFszg3P+OBatuUjV6EvfIyNIzWOusmqAVh4L6r21GGTZtiKE4iqM4Q==}
    engines: {node: ^20.19.0 || >=22.12.0}
    cpu: [riscv64]
    os: [linux]
    libc: [musl]

  '@oxlint/binding-linux-s390x-gnu@1.68.0':
    resolution: {integrity: sha512-dIqnZnJSmHCMOUpUcWQOiV14o3DDPVx1DSsMaSzvdhNjC1tB1iEPZbdiMSCIEYbkgbsYznHXWqFdKL8WUB3F8g==}
    engines: {node: ^20.19.0 || >=22.12.0}
    cpu: [s390x]
    os: [linux]
    libc: [glibc]

  '@oxlint/binding-linux-x64-gnu@1.68.0':
    resolution: {integrity: sha512-zc9lEnfV/HreDTY6gdMlZe+irkwHSxQ4/B1pS9GyK7RVaA5LxhoZY/w6/o2vIwLLEYiXQ5ujGxOM1ZazeFAAIA==}
    engines: {node: ^20.19.0 || >=22.12.0}
    cpu: [x64]
    os: [linux]
    libc: [glibc]

  '@oxlint/binding-linux-x64-musl@1.68.0':
    resolution: {integrity: sha512-Dl5QEX0TCo/40Cdh1o1JdPS//+YiWqjC+Hrrya5OQmStZZr4svAFtdlqcpCrU9yq2Mo3vRVyO9B3h0dzD8s36Q==}
    engines: {node: ^20.19.0 || >=22.12.0}
    cpu: [x64]
    os: [linux]
    libc: [musl]

  '@oxlint/binding-openharmony-arm64@1.68.0':
    resolution: {integrity: sha512-/qy6dOvi4S3/LeXq0l5BT5pRKPYA7oj3uKwJOAZOr5HRLL+HK6jdBynvWuXIA2wwfE01RzNYmbBdM7vwYx00sA==}
    engines: {node: ^20.19.0 || >=22.12.0}
    cpu: [arm64]
    os: [openharmony]

  '@oxlint/binding-win32-arm64-msvc@1.68.0':
    resolution: {integrity: sha512-fHNtVqPHSYE7UFDSLVFUjxQjnSVXxseNJmRW+XuP4pXXDwePdPda43NL7/BBCFTxHjycOc44JNDaOPtFDNui9A==}
    engines: {node: ^20.19.0 || >=22.12.0}
    cpu: [arm64]
    os: [win32]

  '@oxlint/binding-win32-ia32-msvc@1.68.0':
    resolution: {integrity: sha512-NnKXr4Wgo4nps3erhrE0f8shBvBPZMHg72nDsvX0JyrRvsNiP3f1JNvbCKh+A6VFvpF7ZoJxu904P3cKMhvZnA==}
    engines: {node: ^20.19.0 || >=22.12.0}
    cpu: [ia32]
    os: [win32]

  '@oxlint/binding-win32-x64-msvc@1.68.0':
    resolution: {integrity: sha512-zg5pA+84AlU6XHJ3ruiRxziO71QTrz8nLsk6u01JGS5+tL9/bnlakFiklFrcy4R1/V7ktWtaNitN3JZWmKnf6g==}
    engines: {node: ^20.19.0 || >=22.12.0}
    cpu: [x64]
    os: [win32]

  '@tybys/wasm-util@0.10.2':
    resolution: {integrity: sha512-RoBvJ2X0wuKlWFIjrwffGw1IqZHKQqzIchKaadZZfnNpsAYp2mM0h36JtPCjNDAHGgYez/15uMBpfGwchhiMgg==}

  '@types/node@22.19.19':
    resolution: {integrity: sha512-dyh/xO2Fh5bYrfWaaqGrRQQGkNdmYw6AmaAUvYeUMNTWQtvb796ikLdmTchRmOlOiIJ1TDXfWgVx1QkUlQ6Hew==}

  fd-package-json@2.0.0:
    resolution: {integrity: sha512-jKmm9YtsNXN789RS/0mSzOC1NUq9mkVd65vbSSVsKdjGvYXBuE4oWe2QOEoFeRmJg+lPuZxpmrfFclNhoRMneQ==}

  fdir@6.5.0:
    resolution: {integrity: sha512-tIbYtZbucOs0BRGqPJkshJUYdL+SDH7dVM8gjy+ERp3WAUjLEFJE+02kanyHtwjWOnwrKYBiwAmM0p4kLJAnXg==}
    engines: {node: '>=12.0.0'}
    peerDependencies:
      picomatch: ^3 || ^4
    peerDependenciesMeta:
      picomatch:
        optional: true

  formatly@0.3.0:
    resolution: {integrity: sha512-9XNj/o4wrRFyhSMJOvsuyMwy8aUfBaZ1VrqHVfohyXf0Sw0e+yfKG+xZaY3arGCOMdwFsqObtzVOc1gU9KiT9w==}
    engines: {node: '>=18.3.0'}
    hasBin: true

  get-tsconfig@4.14.0:
    resolution: {integrity: sha512-yTb+8DXzDREzgvYmh6s9vHsSVCHeC0G3PI5bEXNBHtmshPnO+S5O7qgLEOn0I5QvMy6kpZN8K1NKGyilLb93wA==}

  jiti@2.7.0:
    resolution: {integrity: sha512-AC/7JofJvZGrrneWNaEnJeOLUx+JlGt7tNa0wZiRPT4MY1wmfKjt2+6O2p2uz2+skll8OZZmJMNqeke7kKbNgQ==}
    hasBin: true

  knip@6.15.0:
    resolution: {integrity: sha512-uBaKFEGcu/HG4EY2gWFBMr+fBF43Jftoc2riJX51TKME1Z46C8UQIbNEusenYbEWihphxe2PY0Kns0yPvPYz4A==}
    engines: {node: ^20.19.0 || >=22.12.0}
    hasBin: true

  lefthook-darwin-arm64@2.1.9:
    resolution: {integrity: sha512-119HryNcvr4nqn0wUIrNPgpMEPn9yMQzEcW/lezRsnb56PCJriJB92+MCySPVcWDxJnZef7o0T3jdnPNiSH7Qg==}
    cpu: [arm64]
    os: [darwin]

  lefthook-darwin-x64@2.1.9:
    resolution: {integrity: sha512-dwo5Tke2XcQCM56DGHgFKBfRbJIL6xs2wZ0zG1TUVZgl4t4mQUt6LiZ4V/ZQfYHTZF9qywvXoIlR5N35qOaiVQ==}
    cpu: [x64]
    os: [darwin]

  lefthook-freebsd-arm64@2.1.9:
    resolution: {integrity: sha512-+09PVap6nl6xsaHch5JLtq7WvIR++U1Q2MzA2ai0M4uB/VP3AqrvKqHw6+9hjyKnIH+HHL83uqi77EAY+LaxLA==}
    cpu: [arm64]
    os: [freebsd]

  lefthook-freebsd-x64@2.1.9:
    resolution: {integrity: sha512-8XresjKIYpkE9ARgCtBEZgJZxAU3T4MIqzj4zNy15XRT59I1Us+QdqXTNm+pkZ41Yd2X/nxs2Pkvbq3NWWlIGw==}
    cpu: [x64]
    os: [freebsd]

  lefthook-linux-arm64@2.1.9:
    resolution: {integrity: sha512-1oNIQfwrPe6rgU2KcDM3aF6+hpZDCKx1TmawQKpXUY5gVsbZ7MqX0Sk/1lnnWxqPm+kQQ5f6J2dpFWd+4xH8jg==}
    cpu: [arm64]
    os: [linux]

  lefthook-linux-x64@2.1.9:
    resolution: {integrity: sha512-fT+7Q+BJyGp+CslFQkNXmdFRgyVXsPHPi9NAsDX0a6QOyNnoORByAsvx6zeAKuF5rL3BBgNfho1/v2RuGxGy9w==}
    cpu: [x64]
    os: [linux]

  lefthook-openbsd-arm64@2.1.9:
    resolution: {integrity: sha512-4bVuafBk3dddVNo0+3hMbjcJs4mqYAstxpPMmX2ufkudSTYFNIhWoqwuGVQV/SS/xdcOKJAldW4qayAzed2ysw==}
    cpu: [arm64]
    os: [openbsd]

  lefthook-openbsd-x64@2.1.9:
    resolution: {integrity: sha512-PmPoMmLP/wQQWcQ9u2YH86bTZ3UCfBsxuEmVTEyPU2U8R1qSTp5r/Gs3G8cN5Mxo91XB9oBERtF1n+xD3W6aVA==}
    cpu: [x64]
    os: [openbsd]

  lefthook-windows-arm64@2.1.9:
    resolution: {integrity: sha512-KphfkBKmwBnmolyrdhIl3lrBaOyTcCgXBT2AB/9OHnEXhOLvv5uTCUkrD4YRAxXPtFKq6UvnapIeoL3GZq0bdA==}
    cpu: [arm64]
    os: [win32]

  lefthook-windows-x64@2.1.9:
    resolution: {integrity: sha512-2qlUtkJHZ3MyUxgV5XTEmcrIoNZA07iwaquoswAcqv/1MeBFXlD+O+koFRfrzWng2O5WYEbpJnd8tvaYnV8fTA==}
    cpu: [x64]
    os: [win32]

  lefthook@2.1.9:
    resolution: {integrity: sha512-bwDaIOViTktE8kJLf9jP0p+H2/RDTlFFlc43Am2YgUsX22hI6Sq4RbzsrecwzY5y+MHTipOH7WsmWSEniePHWQ==}
    hasBin: true

  minimist@1.2.8:
    resolution: {integrity: sha512-2yyAR8qBkN3YuheJanUpWC5U3bb5osDywNB8RzDVlDwDHbocAJveqqj1u8+SVD7jkWT4yvsHCpWqqWqAxb0zCA==}

  oxc-parser@0.133.0:
    resolution: {integrity: sha512-661RSx+ZcjBmjBYid+Fpp/2F5EbtildpeoZh5HdgnGs+jZ03nqQEQW8yGkt4BGyOC3OMPDQQRl8M5kqD2/g6jw==}
    engines: {node: ^20.19.0 || >=22.12.0}

  oxc-resolver@11.20.0:
    resolution: {integrity: sha512-CblytBiV/a/ZXY34dsVU2NxhIOxMXst8CvDCtyBelVITgd7PLrKzbEbA6oKLdPjvDKDzCiW48qzmzZ+mYaqn+g==}

  oxfmt@0.53.0:
    resolution: {integrity: sha512-9cB5glS3Ip6NMuZ+6NYTao9FCWkDhRtPYCtR3QBu/NxHoFbgzzTvi41N4jxz/GqGfuLKspui1qb/LlSu2IbMcw==}
    engines: {node: ^20.19.0 || >=22.12.0}
    hasBin: true
    peerDependencies:
      svelte: ^5.0.0
      vite-plus: '*'
    peerDependenciesMeta:
      svelte:
        optional: true
      vite-plus:
        optional: true

  oxlint-tsgolint@0.23.0:
    resolution: {integrity: sha512-3mBv3CoPbh8dFbzfDGIWa2ytZjn2v+3EX4aKRXjIhsoGFzG8GCjfRirz3rwZf1wYbZzsNLTSgpw8VjQuWdp/jA==}
    hasBin: true

  oxlint@1.68.0:
    resolution: {integrity: sha512-dXcbq+xsmLrMy6T8d0euf3IYUfLmjHIE11pOxiUSi5LHkFZaYPv568R6sEjcavVpUxoaQe66UBuK4HEi74NxpA==}
    engines: {node: ^20.19.0 || >=22.12.0}
    hasBin: true
    peerDependencies:
      oxlint-tsgolint: '>=0.22.1'
      vite-plus: '*'
    peerDependenciesMeta:
      oxlint-tsgolint:
        optional: true
      vite-plus:
        optional: true

  picomatch@4.0.4:
    resolution: {integrity: sha512-QP88BAKvMam/3NxH6vj2o21R6MjxZUAd6nlwAS/pnGvN9IVLocLHxGYIzFhg6fUQ+5th6P4dv4eW9jX3DSIj7A==}
    engines: {node: '>=12'}

  resolve-pkg-maps@1.0.0:
    resolution: {integrity: sha512-seS2Tj26TBVOC2NIc2rOe2y2ZO7efxITtLZcGSOnHHNOQ7CkiUBfw0Iw2ck6xkIhPwLhKNLS8BO+hEpngQlqzw==}

  smol-toml@1.6.1:
    resolution: {integrity: sha512-dWUG8F5sIIARXih1DTaQAX4SsiTXhInKf1buxdY9DIg4ZYPZK5nGM1VRIYmEbDbsHt7USo99xSLFu5Q1IqTmsg==}
    engines: {node: '>= 18'}

  strip-json-comments@5.0.3:
    resolution: {integrity: sha512-1tB5mhVo7U+ETBKNf92xT4hrQa3pm0MZ0PQvuDnWgAAGHDsfp4lPSpiS6psrSiet87wyGPh9ft6wmhOMQ0hDiw==}
    engines: {node: '>=14.16'}

  tinyglobby@0.2.17:
    resolution: {integrity: sha512-wXR/dYpcqKmfWpEdZjiKJOwCNFndD0DMnrW/cYjVGttEkBfVgcLFHoNrlj47mjOVic9yyNu65alsgF4NQyTa2g==}
    engines: {node: '>=12.0.0'}

  tinypool@2.1.0:
    resolution: {integrity: sha512-Pugqs6M0m7Lv1I7FtxN4aoyToKg1C4tu+/381vH35y8oENM/Ai7f7C4StcoK4/+BSw9ebcS8jRiVrORFKCALLw==}
    engines: {node: ^20.0.0 || >=22.0.0}

  tslib@2.8.1:
    resolution: {integrity: sha512-oJFu94HQb+KVduSUQL7wnpmqnfmLsOA/nAh6b6EH0wCEoK0/mPeXU6c3wKDV83MkOuHPRHtSXKKU99IBazS/2w==}

  typescript@6.0.3:
    resolution: {integrity: sha512-y2TvuxSZPDyQakkFRPZHKFm+KKVqIisdg9/CZwm9ftvKXLP8NRWj38/ODjNbr43SsoXqNuAisEf1GdCxqWcdBw==}
    engines: {node: '>=14.17'}
    hasBin: true

  unbash@3.0.0:
    resolution: {integrity: sha512-FeFPZ/WFT0mbRCuydiZzpPFlrYN8ZUpphQKoq4EeElVIYjYyGzPMxQR/simUwCOJIyVhpFk4RbtyO7RuMpMnHA==}
    engines: {node: '>=14'}

  undici-types@6.21.0:
    resolution: {integrity: sha512-iwDZqg0QAGrg9Rav5H4n0M64c3mkR59cJ6wQp+7C4nI0gsmExaedaYLNO44eT4AtBBwjbTiGPMlt2Md0T9H9JQ==}

  walk-up-path@4.0.0:
    resolution: {integrity: sha512-3hu+tD8YzSLGuFYtPRb48vdhKMi0KQV5sn+uWr8+7dMEq/2G/dtLrdDinkLjqq5TIbIBjYJ4Ax/n3YiaW7QM8A==}
    engines: {node: 20 || >=22}

  yaml@2.9.0:
    resolution: {integrity: sha512-2AvhNX3mb8zd6Zy7INTtSpl1F15HW6Wnqj0srWlkKLcpYl/gMIMJiyuGq2KeI2YFxUPjdlB+3Lc10seMLtL4cA==}
    engines: {node: '>= 14.6'}
    hasBin: true

  zod@4.4.3:
    resolution: {integrity: sha512-ytENFjIJFl2UwYglde2jchW2Hwm4GJFLDiSXWdTrJQBIN9Fcyp7n4DhxJEiWNAJMV1/BqWfW/kkg71UDcHJyTQ==}

snapshots:

  '@emnapi/core@1.10.0':
    dependencies:
      '@emnapi/wasi-threads': 1.2.1
      tslib: 2.8.1
    optional: true

  '@emnapi/runtime@1.10.0':
    dependencies:
      tslib: 2.8.1
    optional: true

  '@emnapi/wasi-threads@1.2.1':
    dependencies:
      tslib: 2.8.1
    optional: true

  '@napi-rs/wasm-runtime@1.1.4(@emnapi/core@1.10.0)(@emnapi/runtime@1.10.0)':
    dependencies:
      '@emnapi/core': 1.10.0
      '@emnapi/runtime': 1.10.0
      '@tybys/wasm-util': 0.10.2
    optional: true

  '@nihalgonsalves/esconfig@0.17.4(oxlint-tsgolint@0.23.0)(oxlint@1.68.0(oxlint-tsgolint@0.23.0))(typescript@6.0.3)':
    dependencies:
      oxlint: 1.68.0(oxlint-tsgolint@0.23.0)
      oxlint-tsgolint: 0.23.0
      typescript: 6.0.3

  '@oxc-parser/binding-android-arm-eabi@0.133.0':
    optional: true

  '@oxc-parser/binding-android-arm64@0.133.0':
    optional: true

  '@oxc-parser/binding-darwin-arm64@0.133.0':
    optional: true

  '@oxc-parser/binding-darwin-x64@0.133.0':
    optional: true

  '@oxc-parser/binding-freebsd-x64@0.133.0':
    optional: true

  '@oxc-parser/binding-linux-arm-gnueabihf@0.133.0':
    optional: true

  '@oxc-parser/binding-linux-arm-musleabihf@0.133.0':
    optional: true

  '@oxc-parser/binding-linux-arm64-gnu@0.133.0':
    optional: true

  '@oxc-parser/binding-linux-arm64-musl@0.133.0':
    optional: true

  '@oxc-parser/binding-linux-ppc64-gnu@0.133.0':
    optional: true

  '@oxc-parser/binding-linux-riscv64-gnu@0.133.0':
    optional: true

  '@oxc-parser/binding-linux-riscv64-musl@0.133.0':
    optional: true

  '@oxc-parser/binding-linux-s390x-gnu@0.133.0':
    optional: true

  '@oxc-parser/binding-linux-x64-gnu@0.133.0':
    optional: true

  '@oxc-parser/binding-linux-x64-musl@0.133.0':
    optional: true

  '@oxc-parser/binding-openharmony-arm64@0.133.0':
    optional: true

  '@oxc-parser/binding-wasm32-wasi@0.133.0':
    dependencies:
      '@emnapi/core': 1.10.0
      '@emnapi/runtime': 1.10.0
      '@napi-rs/wasm-runtime': 1.1.4(@emnapi/core@1.10.0)(@emnapi/runtime@1.10.0)
    optional: true

  '@oxc-parser/binding-win32-arm64-msvc@0.133.0':
    optional: true

  '@oxc-parser/binding-win32-ia32-msvc@0.133.0':
    optional: true

  '@oxc-parser/binding-win32-x64-msvc@0.133.0':
    optional: true

  '@oxc-project/types@0.133.0': {}

  '@oxc-resolver/binding-android-arm-eabi@11.20.0':
    optional: true

  '@oxc-resolver/binding-android-arm64@11.20.0':
    optional: true

  '@oxc-resolver/binding-darwin-arm64@11.20.0':
    optional: true

  '@oxc-resolver/binding-darwin-x64@11.20.0':
    optional: true

  '@oxc-resolver/binding-freebsd-x64@11.20.0':
    optional: true

  '@oxc-resolver/binding-linux-arm-gnueabihf@11.20.0':
    optional: true

  '@oxc-resolver/binding-linux-arm-musleabihf@11.20.0':
    optional: true

  '@oxc-resolver/binding-linux-arm64-gnu@11.20.0':
    optional: true

  '@oxc-resolver/binding-linux-arm64-musl@11.20.0':
    optional: true

  '@oxc-resolver/binding-linux-ppc64-gnu@11.20.0':
    optional: true

  '@oxc-resolver/binding-linux-riscv64-gnu@11.20.0':
    optional: true

  '@oxc-resolver/binding-linux-riscv64-musl@11.20.0':
    optional: true

  '@oxc-resolver/binding-linux-s390x-gnu@11.20.0':
    optional: true

  '@oxc-resolver/binding-linux-x64-gnu@11.20.0':
    optional: true

  '@oxc-resolver/binding-linux-x64-musl@11.20.0':
    optional: true

  '@oxc-resolver/binding-openharmony-arm64@11.20.0':
    optional: true

  '@oxc-resolver/binding-wasm32-wasi@11.20.0':
    dependencies:
      '@emnapi/core': 1.10.0
      '@emnapi/runtime': 1.10.0
      '@napi-rs/wasm-runtime': 1.1.4(@emnapi/core@1.10.0)(@emnapi/runtime@1.10.0)
    optional: true

  '@oxc-resolver/binding-win32-arm64-msvc@11.20.0':
    optional: true

  '@oxc-resolver/binding-win32-x64-msvc@11.20.0':
    optional: true

  '@oxfmt/binding-android-arm-eabi@0.53.0':
    optional: true

  '@oxfmt/binding-android-arm64@0.53.0':
    optional: true

  '@oxfmt/binding-darwin-arm64@0.53.0':
    optional: true

  '@oxfmt/binding-darwin-x64@0.53.0':
    optional: true

  '@oxfmt/binding-freebsd-x64@0.53.0':
    optional: true

  '@oxfmt/binding-linux-arm-gnueabihf@0.53.0':
    optional: true

  '@oxfmt/binding-linux-arm-musleabihf@0.53.0':
    optional: true

  '@oxfmt/binding-linux-arm64-gnu@0.53.0':
    optional: true

  '@oxfmt/binding-linux-arm64-musl@0.53.0':
    optional: true

  '@oxfmt/binding-linux-ppc64-gnu@0.53.0':
    optional: true

  '@oxfmt/binding-linux-riscv64-gnu@0.53.0':
    optional: true

  '@oxfmt/binding-linux-riscv64-musl@0.53.0':
    optional: true

  '@oxfmt/binding-linux-s390x-gnu@0.53.0':
    optional: true

  '@oxfmt/binding-linux-x64-gnu@0.53.0':
    optional: true

  '@oxfmt/binding-linux-x64-musl@0.53.0':
    optional: true

  '@oxfmt/binding-openharmony-arm64@0.53.0':
    optional: true

  '@oxfmt/binding-win32-arm64-msvc@0.53.0':
    optional: true

  '@oxfmt/binding-win32-ia32-msvc@0.53.0':
    optional: true

  '@oxfmt/binding-win32-x64-msvc@0.53.0':
    optional: true

  '@oxlint-tsgolint/darwin-arm64@0.23.0':
    optional: true

  '@oxlint-tsgolint/darwin-x64@0.23.0':
    optional: true

  '@oxlint-tsgolint/linux-arm64@0.23.0':
    optional: true

  '@oxlint-tsgolint/linux-x64@0.23.0':
    optional: true

  '@oxlint-tsgolint/win32-arm64@0.23.0':
    optional: true

  '@oxlint-tsgolint/win32-x64@0.23.0':
    optional: true

  '@oxlint/binding-android-arm-eabi@1.68.0':
    optional: true

  '@oxlint/binding-android-arm64@1.68.0':
    optional: true

  '@oxlint/binding-darwin-arm64@1.68.0':
    optional: true

  '@oxlint/binding-darwin-x64@1.68.0':
    optional: true

  '@oxlint/binding-freebsd-x64@1.68.0':
    optional: true

  '@oxlint/binding-linux-arm-gnueabihf@1.68.0':
    optional: true

  '@oxlint/binding-linux-arm-musleabihf@1.68.0':
    optional: true

  '@oxlint/binding-linux-arm64-gnu@1.68.0':
    optional: true

  '@oxlint/binding-linux-arm64-musl@1.68.0':
    optional: true

  '@oxlint/binding-linux-ppc64-gnu@1.68.0':
    optional: true

  '@oxlint/binding-linux-riscv64-gnu@1.68.0':
    optional: true

  '@oxlint/binding-linux-riscv64-musl@1.68.0':
    optional: true

  '@oxlint/binding-linux-s390x-gnu@1.68.0':
    optional: true

  '@oxlint/binding-linux-x64-gnu@1.68.0':
    optional: true

  '@oxlint/binding-linux-x64-musl@1.68.0':
    optional: true

  '@oxlint/binding-openharmony-arm64@1.68.0':
    optional: true

  '@oxlint/binding-win32-arm64-msvc@1.68.0':
    optional: true

  '@oxlint/binding-win32-ia32-msvc@1.68.0':
    optional: true

  '@oxlint/binding-win32-x64-msvc@1.68.0':
    optional: true

  '@tybys/wasm-util@0.10.2':
    dependencies:
      tslib: 2.8.1
    optional: true

  '@types/node@22.19.19':
    dependencies:
      undici-types: 6.21.0

  fd-package-json@2.0.0:
    dependencies:
      walk-up-path: 4.0.0

  fdir@6.5.0(picomatch@4.0.4):
    optionalDependencies:
      picomatch: 4.0.4

  formatly@0.3.0:
    dependencies:
      fd-package-json: 2.0.0

  get-tsconfig@4.14.0:
    dependencies:
      resolve-pkg-maps: 1.0.0

  jiti@2.7.0: {}

  knip@6.15.0:
    dependencies:
      fdir: 6.5.0(picomatch@4.0.4)
      formatly: 0.3.0
      get-tsconfig: 4.14.0
      jiti: 2.7.0
      minimist: 1.2.8
      oxc-parser: 0.133.0
      oxc-resolver: 11.20.0
      picomatch: 4.0.4
      smol-toml: 1.6.1
      strip-json-comments: 5.0.3
      tinyglobby: 0.2.17
      unbash: 3.0.0
      yaml: 2.9.0
      zod: 4.4.3

  lefthook-darwin-arm64@2.1.9:
    optional: true

  lefthook-darwin-x64@2.1.9:
    optional: true

  lefthook-freebsd-arm64@2.1.9:
    optional: true

  lefthook-freebsd-x64@2.1.9:
    optional: true

  lefthook-linux-arm64@2.1.9:
    optional: true

  lefthook-linux-x64@2.1.9:
    optional: true

  lefthook-openbsd-arm64@2.1.9:
    optional: true

  lefthook-openbsd-x64@2.1.9:
    optional: true

  lefthook-windows-arm64@2.1.9:
    optional: true

  lefthook-windows-x64@2.1.9:
    optional: true

  lefthook@2.1.9:
    optionalDependencies:
      lefthook-darwin-arm64: 2.1.9
      lefthook-darwin-x64: 2.1.9
      lefthook-freebsd-arm64: 2.1.9
      lefthook-freebsd-x64: 2.1.9
      lefthook-linux-arm64: 2.1.9
      lefthook-linux-x64: 2.1.9
      lefthook-openbsd-arm64: 2.1.9
      lefthook-openbsd-x64: 2.1.9
      lefthook-windows-arm64: 2.1.9
      lefthook-windows-x64: 2.1.9

  minimist@1.2.8: {}

  oxc-parser@0.133.0:
    dependencies:
      '@oxc-project/types': 0.133.0
    optionalDependencies:
      '@oxc-parser/binding-android-arm-eabi': 0.133.0
      '@oxc-parser/binding-android-arm64': 0.133.0
      '@oxc-parser/binding-darwin-arm64': 0.133.0
      '@oxc-parser/binding-darwin-x64': 0.133.0
      '@oxc-parser/binding-freebsd-x64': 0.133.0
      '@oxc-parser/binding-linux-arm-gnueabihf': 0.133.0
      '@oxc-parser/binding-linux-arm-musleabihf': 0.133.0
      '@oxc-parser/binding-linux-arm64-gnu': 0.133.0
      '@oxc-parser/binding-linux-arm64-musl': 0.133.0
      '@oxc-parser/binding-linux-ppc64-gnu': 0.133.0
      '@oxc-parser/binding-linux-riscv64-gnu': 0.133.0
      '@oxc-parser/binding-linux-riscv64-musl': 0.133.0
      '@oxc-parser/binding-linux-s390x-gnu': 0.133.0
      '@oxc-parser/binding-linux-x64-gnu': 0.133.0
      '@oxc-parser/binding-linux-x64-musl': 0.133.0
      '@oxc-parser/binding-openharmony-arm64': 0.133.0
      '@oxc-parser/binding-wasm32-wasi': 0.133.0
      '@oxc-parser/binding-win32-arm64-msvc': 0.133.0
      '@oxc-parser/binding-win32-ia32-msvc': 0.133.0
      '@oxc-parser/binding-win32-x64-msvc': 0.133.0

  oxc-resolver@11.20.0:
    optionalDependencies:
      '@oxc-resolver/binding-android-arm-eabi': 11.20.0
      '@oxc-resolver/binding-android-arm64': 11.20.0
      '@oxc-resolver/binding-darwin-arm64': 11.20.0
      '@oxc-resolver/binding-darwin-x64': 11.20.0
      '@oxc-resolver/binding-freebsd-x64': 11.20.0
      '@oxc-resolver/binding-linux-arm-gnueabihf': 11.20.0
      '@oxc-resolver/binding-linux-arm-musleabihf': 11.20.0
      '@oxc-resolver/binding-linux-arm64-gnu': 11.20.0
      '@oxc-resolver/binding-linux-arm64-musl': 11.20.0
      '@oxc-resolver/binding-linux-ppc64-gnu': 11.20.0
      '@oxc-resolver/binding-linux-riscv64-gnu': 11.20.0
      '@oxc-resolver/binding-linux-riscv64-musl': 11.20.0
      '@oxc-resolver/binding-linux-s390x-gnu': 11.20.0
      '@oxc-resolver/binding-linux-x64-gnu': 11.20.0
      '@oxc-resolver/binding-linux-x64-musl': 11.20.0
      '@oxc-resolver/binding-openharmony-arm64': 11.20.0
      '@oxc-resolver/binding-wasm32-wasi': 11.20.0
      '@oxc-resolver/binding-win32-arm64-msvc': 11.20.0
      '@oxc-resolver/binding-win32-x64-msvc': 11.20.0

  oxfmt@0.53.0:
    dependencies:
      tinypool: 2.1.0
    optionalDependencies:
      '@oxfmt/binding-android-arm-eabi': 0.53.0
      '@oxfmt/binding-android-arm64': 0.53.0
      '@oxfmt/binding-darwin-arm64': 0.53.0
      '@oxfmt/binding-darwin-x64': 0.53.0
      '@oxfmt/binding-freebsd-x64': 0.53.0
      '@oxfmt/binding-linux-arm-gnueabihf': 0.53.0
      '@oxfmt/binding-linux-arm-musleabihf': 0.53.0
      '@oxfmt/binding-linux-arm64-gnu': 0.53.0
      '@oxfmt/binding-linux-arm64-musl': 0.53.0
      '@oxfmt/binding-linux-ppc64-gnu': 0.53.0
      '@oxfmt/binding-linux-riscv64-gnu': 0.53.0
      '@oxfmt/binding-linux-riscv64-musl': 0.53.0
      '@oxfmt/binding-linux-s390x-gnu': 0.53.0
      '@oxfmt/binding-linux-x64-gnu': 0.53.0
      '@oxfmt/binding-linux-x64-musl': 0.53.0
      '@oxfmt/binding-openharmony-arm64': 0.53.0
      '@oxfmt/binding-win32-arm64-msvc': 0.53.0
      '@oxfmt/binding-win32-ia32-msvc': 0.53.0
      '@oxfmt/binding-win32-x64-msvc': 0.53.0

  oxlint-tsgolint@0.23.0:
    optionalDependencies:
      '@oxlint-tsgolint/darwin-arm64': 0.23.0
      '@oxlint-tsgolint/darwin-x64': 0.23.0
      '@oxlint-tsgolint/linux-arm64': 0.23.0
      '@oxlint-tsgolint/linux-x64': 0.23.0
      '@oxlint-tsgolint/win32-arm64': 0.23.0
      '@oxlint-tsgolint/win32-x64': 0.23.0

  oxlint@1.68.0(oxlint-tsgolint@0.23.0):
    optionalDependencies:
      '@oxlint/binding-android-arm-eabi': 1.68.0
      '@oxlint/binding-android-arm64': 1.68.0
      '@oxlint/binding-darwin-arm64': 1.68.0
      '@oxlint/binding-darwin-x64': 1.68.0
      '@oxlint/binding-freebsd-x64': 1.68.0
      '@oxlint/binding-linux-arm-gnueabihf': 1.68.0
      '@oxlint/binding-linux-arm-musleabihf': 1.68.0
      '@oxlint/binding-linux-arm64-gnu': 1.68.0
      '@oxlint/binding-linux-arm64-musl': 1.68.0
      '@oxlint/binding-linux-ppc64-gnu': 1.68.0
      '@oxlint/binding-linux-riscv64-gnu': 1.68.0
      '@oxlint/binding-linux-riscv64-musl': 1.68.0
      '@oxlint/binding-linux-s390x-gnu': 1.68.0
      '@oxlint/binding-linux-x64-gnu': 1.68.0
      '@oxlint/binding-linux-x64-musl': 1.68.0
      '@oxlint/binding-openharmony-arm64': 1.68.0
      '@oxlint/binding-win32-arm64-msvc': 1.68.0
      '@oxlint/binding-win32-ia32-msvc': 1.68.0
      '@oxlint/binding-win32-x64-msvc': 1.68.0
      oxlint-tsgolint: 0.23.0

  picomatch@4.0.4: {}

  resolve-pkg-maps@1.0.0: {}

  smol-toml@1.6.1: {}

  strip-json-comments@5.0.3: {}

  tinyglobby@0.2.17:
    dependencies:
      fdir: 6.5.0(picomatch@4.0.4)
      picomatch: 4.0.4

  tinypool@2.1.0: {}

  tslib@2.8.1:
    optional: true

  typescript@6.0.3: {}

  unbash@3.0.0: {}

  undici-types@6.21.0: {}

  walk-up-path@4.0.0: {}

  yaml@2.9.0: {}

  zod@4.4.3: {}
